<?xml version="1.0" encoding="utf-8"?>
<Project ToolsVersion="4.0" xmlns="http://schemas.microsoft.com/developer/msbuild/2003">
  <ItemGroup>
    <Filter Include="Source Files">
      <UniqueIdentifier>{4FC737F1-C7A5-4376-A066-2A32D752A2FF}</UniqueIdentifier>
      <Extensions>cpp;c;cc;cxx;c++;cppm;ixx;def;odl;idl;hpj;bat;asm;asmx</Extensions>
    </Filter>
    <Filter Include="Header Files">
      <UniqueIdentifier>{93995380-89BD-4b04-88EB-625FBE52EBFB}</UniqueIdentifier>
      <Extensions>h;hh;hpp;hxx;h++;hm;inl;inc;ipp;xsd</Extensions>
    </Filter>
    <Filter Include="Resource Files">
      <UniqueIdentifier>{67DA6AB6-F800-4c08-8B7A-83BB121AAD01}</UniqueIdentifier>
      <Extensions>rc;ico;cur;bmp;dlg;rc2;rct;bin;rgs;gif;jpg;jpeg;jpe;resx;tiff;tif;png;wav;mfcribbon-ms</Extensions>
    </Filter>
    <Filter Include="define">
      <UniqueIdentifier>{46f57d06-7f3e-4bec-9a87-10b2516d7bcd}</UniqueIdentifier>
    </Filter>
  </ItemGroup>
  <ItemGroup>
    <ClInclude Include="framework.h">
      <Filter>Header Files</Filter>
    </ClInclude>
    <ClInclude Include="stdafx.h">
      <Filter>Header Files</Filter>
    </ClInclude>
    <ClInclude Include="CameraControl.h">
      <Filter>Header Files</Filter>
    </ClInclude>
    <ClInclude Include="Command\CloseSessionCommand.h">
      <Filter>define</Filter>
    </ClInclude>
    <ClInclude Include="Command\Command.h">
      <Filter>define</Filter>
    </ClInclude>
    <ClInclude Include="Command\DoEvfAFCommand.h">
      <Filter>define</Filter>
    </ClInclude>
    <ClInclude Include="Command\DownloadCommand.h">
      <Filter>define</Filter>
    </ClInclude>
    <ClInclude Include="Command\DownloadEvfCommand.h">
      <Filter>define</Filter>
    </ClInclude>
    <ClInclude Include="Command\DriveLensCommand.h">
      <Filter>define</Filter>
    </ClInclude>
    <ClInclude Include="Command\EndEvfCommand.h">
      <Filter>define</Filter>
    </ClInclude>
    <ClInclude Include="Command\GetPropertyCommand.h">
      <Filter>define</Filter>
    </ClInclude>
    <ClInclude Include="Command\GetPropertyDescCommand.h">
      <Filter>define</Filter>
    </ClInclude>
    <ClInclude Include="Command\NotifyCommand.h">
      <Filter>define</Filter>
    </ClInclude>
    <ClInclude Include="Command\OpenSessionCommand.h">
      <Filter>define</Filter>
    </ClInclude>
    <ClInclude Include="Command\PressShutterButtonCommand.h">
      <Filter>define</Filter>
    </ClInclude>
    <ClInclude Include="Command\SaveSettingCommand.h">
      <Filter>define</Filter>
    </ClInclude>
    <ClInclude Include="Command\SetCapacityCommand.h">
      <Filter>define</Filter>
    </ClInclude>
    <ClInclude Include="Command\SetPropertyCommand.h">
      <Filter>define</Filter>
    </ClInclude>
    <ClInclude Include="Command\StartEvfCommand.h">
      <Filter>define</Filter>
    </ClInclude>
    <ClInclude Include="Command\TakePictureCommand.h">
      <Filter>define</Filter>
    </ClInclude>
    <ClInclude Include="Class\ActionEvent.h">
      <Filter>define</Filter>
    </ClInclude>
    <ClInclude Include="Class\ActionListener.h">
      <Filter>define</Filter>
    </ClInclude>
    <ClInclude Include="Class\ActionSource.h">
      <Filter>define</Filter>
    </ClInclude>
    <ClInclude Include="Class\Observer.h">
      <Filter>define</Filter>
    </ClInclude>
    <ClInclude Include="Class\Synchronized.h">
      <Filter>define</Filter>
    </ClInclude>
    <ClInclude Include="Class\Thread.h">
      <Filter>define</Filter>
    </ClInclude>
    <ClInclude Include="Camera\CameraController.h">
      <Filter>define</Filter>
    </ClInclude>
    <ClInclude Include="Camera\CameraEvent.h">
      <Filter>define</Filter>
    </ClInclude>
    <ClInclude Include="Camera\CameraEventListener.h">
      <Filter>define</Filter>
    </ClInclude>
    <ClInclude Include="Camera\CameraModel.h">
      <Filter>define</Filter>
    </ClInclude>
    <ClInclude Include="Camera\CameraModelLegacy.h">
      <Filter>define</Filter>
    </ClInclude>
    <ClInclude Include="Camera\Processor.h">
      <Filter>define</Filter>
    </ClInclude>
    <ClInclude Include="DevCamera.h">
      <Filter>Source Files</Filter>
    </ClInclude>
  </ItemGroup>
  <ItemGroup>
    <ClCompile Include="Eos.cpp">
      <Filter>Source Files</Filter>
    </ClCompile>
    <ClCompile Include="stdafx.cpp">
      <Filter>Source Files</Filter>
    </ClCompile>
    <ClCompile Include="CameraControl.cpp">
      <Filter>Source Files</Filter>
    </ClCompile>
    <ClCompile Include="DevCamera.cpp">
      <Filter>Source Files</Filter>
    </ClCompile>
  </ItemGroup>
</Project>