
Microsoft Visual Studio Solution File, Format Version 11.00
# Visual Studio 2010
Project("{FAE04EC0-301F-11D3-BF4B-00C04F79EFBC}") = "Assembly-CSharp", "Assembly-CSharp.csproj", "{4fc890d6-9f16-5911-d7d8-0643e1f526cd}"
EndProject
Project("{FAE04EC0-301F-11D3-BF4B-00C04F79EFBC}") = "Assembly-CSharp-Editor", "Assembly-CSharp-Editor.csproj", "{8102404d-76c1-9516-0454-fc12796b5ab5}"
EndProject
Global
	GlobalSection(SolutionConfigurationPlatforms) = preSolution
		Debug|Any CPU = Debug|Any CPU
	EndGlobalSection
	GlobalSection(ProjectConfigurationPlatforms) = postSolution
		{4fc890d6-9f16-5911-d7d8-0643e1f526cd}.Debug|Any CPU.ActiveCfg = Debug|Any CPU
		{4fc890d6-9f16-5911-d7d8-0643e1f526cd}.Debug|Any CPU.Build.0 = Debug|Any CPU
		{8102404d-76c1-9516-0454-fc12796b5ab5}.Debug|Any CPU.ActiveCfg = Debug|Any CPU
		{8102404d-76c1-9516-0454-fc12796b5ab5}.Debug|Any CPU.Build.0 = Debug|Any CPU
	EndGlobalSection
	GlobalSection(SolutionProperties) = preSolution
		HideSolutionNode = FALSE
	EndGlobalSection
EndGlobal
