
Microsoft Visual Studio Solution File, Format Version 12.00
# Visual Studio Version 17
VisualStudioVersion = 17.0.31912.275
MinimumVisualStudioVersion = 10.0.40219.1
Project("{8BC9CEB8-8B4A-11D0-8D11-00A0C91BC942}") = "PtBase", "PtBase\PtBase.vcxproj", "{9C4C682A-81BC-4937-9501-11E6D1953897}"
EndProject
Project("{8BC9CEB8-8B4A-11D0-8D11-00A0C91BC942}") = "ApStateSystem", "ApStateSystem\ApStateSystem.vcxproj", "{6E0F1A8B-3033-4FAD-99A5-C37C8CA44AEF}"
EndProject
Project("{8BC9CEB8-8B4A-11D0-8D11-00A0C91BC942}") = "stConsole", "stConsole\stConsole.vcxproj", "{64E51EAD-C5BD-423E-8806-E8FFDE8C27C7}"
EndProject
Project("{8BC9CEB8-8B4A-11D0-8D11-00A0C91BC942}") = "StatePython", "StatePython\StatePython.vcxproj", "{844FC92F-550C-4236-A0BC-12BA4E777280}"
EndProject
Project("{8BC9CEB8-8B4A-11D0-8D11-00A0C91BC942}") = "ConsoleUnityTest", "ConsoleUnityTest\ConsoleUnityTest.vcxproj", "{72BCA814-F6E1-46D5-A950-769B25C27746}"
EndProject
Project("{8BC9CEB8-8B4A-11D0-8D11-00A0C91BC942}") = "testconsole", "testconsole\testconsole.vcxproj", "{376CCA7B-E153-4708-8613-79C1F8E850C2}"
EndProject
Project("{8BC9CEB8-8B4A-11D0-8D11-00A0C91BC942}") = "Eos", "Eos\Eos.vcxproj", "{0ADC4BFC-7797-4D71-948D-D05308434A4C}"
EndProject
Global
	GlobalSection(SolutionConfigurationPlatforms) = preSolution
		China_debug|ARM = China_debug|ARM
		China_debug|ARM64 = China_debug|ARM64
		China_debug|Mixed Platforms = China_debug|Mixed Platforms
		China_debug|Win32 = China_debug|Win32
		China_debug|x64 = China_debug|x64
		China_debug|x86 = China_debug|x86
		DbgInsightArchive|ARM = DbgInsightArchive|ARM
		DbgInsightArchive|ARM64 = DbgInsightArchive|ARM64
		DbgInsightArchive|Mixed Platforms = DbgInsightArchive|Mixed Platforms
		DbgInsightArchive|Win32 = DbgInsightArchive|Win32
		DbgInsightArchive|x64 = DbgInsightArchive|x64
		DbgInsightArchive|x86 = DbgInsightArchive|x86
		Debug|ARM = Debug|ARM
		Debug|ARM64 = Debug|ARM64
		Debug|Mixed Platforms = Debug|Mixed Platforms
		Debug|Win32 = Debug|Win32
		Debug|x64 = Debug|x64
		Debug|x86 = Debug|x86
		DebugCPS|ARM = DebugCPS|ARM
		DebugCPS|ARM64 = DebugCPS|ARM64
		DebugCPS|Mixed Platforms = DebugCPS|Mixed Platforms
		DebugCPS|Win32 = DebugCPS|Win32
		DebugCPS|x64 = DebugCPS|x64
		DebugCPS|x86 = DebugCPS|x86
		DebugCvt|ARM = DebugCvt|ARM
		DebugCvt|ARM64 = DebugCvt|ARM64
		DebugCvt|Mixed Platforms = DebugCvt|Mixed Platforms
		DebugCvt|Win32 = DebugCvt|Win32
		DebugCvt|x64 = DebugCvt|x64
		DebugCvt|x86 = DebugCvt|x86
		DebugVS|ARM = DebugVS|ARM
		DebugVS|ARM64 = DebugVS|ARM64
		DebugVS|Mixed Platforms = DebugVS|Mixed Platforms
		DebugVS|Win32 = DebugVS|Win32
		DebugVS|x64 = DebugVS|x64
		DebugVS|x86 = DebugVS|x86
		DebugXDIRECT|ARM = DebugXDIRECT|ARM
		DebugXDIRECT|ARM64 = DebugXDIRECT|ARM64
		DebugXDIRECT|Mixed Platforms = DebugXDIRECT|Mixed Platforms
		DebugXDIRECT|Win32 = DebugXDIRECT|Win32
		DebugXDIRECT|x64 = DebugXDIRECT|x64
		DebugXDIRECT|x86 = DebugXDIRECT|x86
		I_StateManager|ARM = I_StateManager|ARM
		I_StateManager|ARM64 = I_StateManager|ARM64
		I_StateManager|Mixed Platforms = I_StateManager|Mixed Platforms
		I_StateManager|Win32 = I_StateManager|Win32
		I_StateManager|x64 = I_StateManager|x64
		I_StateManager|x86 = I_StateManager|x86
		IEditor|ARM = IEditor|ARM
		IEditor|ARM64 = IEditor|ARM64
		IEditor|Mixed Platforms = IEditor|Mixed Platforms
		IEditor|Win32 = IEditor|Win32
		IEditor|x64 = IEditor|x64
		IEditor|x86 = IEditor|x86
		PnIDServerDbg|ARM = PnIDServerDbg|ARM
		PnIDServerDbg|ARM64 = PnIDServerDbg|ARM64
		PnIDServerDbg|Mixed Platforms = PnIDServerDbg|Mixed Platforms
		PnIDServerDbg|Win32 = PnIDServerDbg|Win32
		PnIDServerDbg|x64 = PnIDServerDbg|x64
		PnIDServerDbg|x86 = PnIDServerDbg|x86
		Release|ARM = Release|ARM
		Release|ARM64 = Release|ARM64
		Release|Mixed Platforms = Release|Mixed Platforms
		Release|Win32 = Release|Win32
		Release|x64 = Release|x64
		Release|x86 = Release|x86
		ReleaseXDIRECTX|ARM = ReleaseXDIRECTX|ARM
		ReleaseXDIRECTX|ARM64 = ReleaseXDIRECTX|ARM64
		ReleaseXDIRECTX|Mixed Platforms = ReleaseXDIRECTX|Mixed Platforms
		ReleaseXDIRECTX|Win32 = ReleaseXDIRECTX|Win32
		ReleaseXDIRECTX|x64 = ReleaseXDIRECTX|x64
		ReleaseXDIRECTX|x86 = ReleaseXDIRECTX|x86
	EndGlobalSection
	GlobalSection(ProjectConfigurationPlatforms) = postSolution
		{9C4C682A-81BC-4937-9501-11E6D1953897}.China_debug|ARM.ActiveCfg = Release|x64
		{9C4C682A-81BC-4937-9501-11E6D1953897}.China_debug|ARM.Build.0 = Release|x64
		{9C4C682A-81BC-4937-9501-11E6D1953897}.China_debug|ARM.Deploy.0 = Release|x64
		{9C4C682A-81BC-4937-9501-11E6D1953897}.China_debug|ARM64.ActiveCfg = Release|x64
		{9C4C682A-81BC-4937-9501-11E6D1953897}.China_debug|ARM64.Build.0 = Release|x64
		{9C4C682A-81BC-4937-9501-11E6D1953897}.China_debug|ARM64.Deploy.0 = Release|x64
		{9C4C682A-81BC-4937-9501-11E6D1953897}.China_debug|Mixed Platforms.ActiveCfg = Release|Win32
		{9C4C682A-81BC-4937-9501-11E6D1953897}.China_debug|Mixed Platforms.Build.0 = Release|Win32
		{9C4C682A-81BC-4937-9501-11E6D1953897}.China_debug|Mixed Platforms.Deploy.0 = Release|Win32
		{9C4C682A-81BC-4937-9501-11E6D1953897}.China_debug|Win32.ActiveCfg = Release|Win32
		{9C4C682A-81BC-4937-9501-11E6D1953897}.China_debug|Win32.Build.0 = Release|Win32
		{9C4C682A-81BC-4937-9501-11E6D1953897}.China_debug|Win32.Deploy.0 = Release|Win32
		{9C4C682A-81BC-4937-9501-11E6D1953897}.China_debug|x64.ActiveCfg = Release|x64
		{9C4C682A-81BC-4937-9501-11E6D1953897}.China_debug|x64.Build.0 = Release|x64
		{9C4C682A-81BC-4937-9501-11E6D1953897}.China_debug|x64.Deploy.0 = Release|x64
		{9C4C682A-81BC-4937-9501-11E6D1953897}.China_debug|x86.ActiveCfg = Release|Win32
		{9C4C682A-81BC-4937-9501-11E6D1953897}.China_debug|x86.Build.0 = Release|Win32
		{9C4C682A-81BC-4937-9501-11E6D1953897}.China_debug|x86.Deploy.0 = Release|Win32
		{9C4C682A-81BC-4937-9501-11E6D1953897}.DbgInsightArchive|ARM.ActiveCfg = DbgInsightArchive|Win32
		{9C4C682A-81BC-4937-9501-11E6D1953897}.DbgInsightArchive|ARM64.ActiveCfg = DbgInsightArchive|Win32
		{9C4C682A-81BC-4937-9501-11E6D1953897}.DbgInsightArchive|Mixed Platforms.ActiveCfg = DbgInsightArchive|Win32
		{9C4C682A-81BC-4937-9501-11E6D1953897}.DbgInsightArchive|Mixed Platforms.Build.0 = DbgInsightArchive|Win32
		{9C4C682A-81BC-4937-9501-11E6D1953897}.DbgInsightArchive|Win32.ActiveCfg = DbgInsightArchive|Win32
		{9C4C682A-81BC-4937-9501-11E6D1953897}.DbgInsightArchive|Win32.Build.0 = DbgInsightArchive|Win32
		{9C4C682A-81BC-4937-9501-11E6D1953897}.DbgInsightArchive|x64.ActiveCfg = DbgInsightArchive|x64
		{9C4C682A-81BC-4937-9501-11E6D1953897}.DbgInsightArchive|x64.Build.0 = DbgInsightArchive|x64
		{9C4C682A-81BC-4937-9501-11E6D1953897}.DbgInsightArchive|x86.ActiveCfg = DbgInsightArchive|Win32
		{9C4C682A-81BC-4937-9501-11E6D1953897}.DbgInsightArchive|x86.Build.0 = DbgInsightArchive|Win32
		{9C4C682A-81BC-4937-9501-11E6D1953897}.Debug|ARM.ActiveCfg = Debug|Win32
		{9C4C682A-81BC-4937-9501-11E6D1953897}.Debug|ARM64.ActiveCfg = Debug|Win32
		{9C4C682A-81BC-4937-9501-11E6D1953897}.Debug|Mixed Platforms.ActiveCfg = Debug|Win32
		{9C4C682A-81BC-4937-9501-11E6D1953897}.Debug|Mixed Platforms.Build.0 = Debug|Win32
		{9C4C682A-81BC-4937-9501-11E6D1953897}.Debug|Mixed Platforms.Deploy.0 = Debug|Win32
		{9C4C682A-81BC-4937-9501-11E6D1953897}.Debug|Win32.ActiveCfg = Debug|Win32
		{9C4C682A-81BC-4937-9501-11E6D1953897}.Debug|Win32.Build.0 = Debug|Win32
		{9C4C682A-81BC-4937-9501-11E6D1953897}.Debug|Win32.Deploy.0 = Debug|Win32
		{9C4C682A-81BC-4937-9501-11E6D1953897}.Debug|x64.ActiveCfg = Debug|x64
		{9C4C682A-81BC-4937-9501-11E6D1953897}.Debug|x64.Build.0 = Debug|x64
		{9C4C682A-81BC-4937-9501-11E6D1953897}.Debug|x64.Deploy.0 = Debug|x64
		{9C4C682A-81BC-4937-9501-11E6D1953897}.Debug|x86.ActiveCfg = Debug|Win32
		{9C4C682A-81BC-4937-9501-11E6D1953897}.Debug|x86.Build.0 = Debug|Win32
		{9C4C682A-81BC-4937-9501-11E6D1953897}.Debug|x86.Deploy.0 = Debug|Win32
		{9C4C682A-81BC-4937-9501-11E6D1953897}.DebugCPS|ARM.ActiveCfg = DebugCPS|Win32
		{9C4C682A-81BC-4937-9501-11E6D1953897}.DebugCPS|ARM64.ActiveCfg = DebugCPS|Win32
		{9C4C682A-81BC-4937-9501-11E6D1953897}.DebugCPS|Mixed Platforms.ActiveCfg = DebugCPS|Win32
		{9C4C682A-81BC-4937-9501-11E6D1953897}.DebugCPS|Mixed Platforms.Build.0 = DebugCPS|Win32
		{9C4C682A-81BC-4937-9501-11E6D1953897}.DebugCPS|Win32.ActiveCfg = DebugCPS|Win32
		{9C4C682A-81BC-4937-9501-11E6D1953897}.DebugCPS|Win32.Build.0 = DebugCPS|Win32
		{9C4C682A-81BC-4937-9501-11E6D1953897}.DebugCPS|x64.ActiveCfg = DebugCPS|x64
		{9C4C682A-81BC-4937-9501-11E6D1953897}.DebugCPS|x64.Build.0 = DebugCPS|x64
		{9C4C682A-81BC-4937-9501-11E6D1953897}.DebugCPS|x86.ActiveCfg = DebugCPS|Win32
		{9C4C682A-81BC-4937-9501-11E6D1953897}.DebugCPS|x86.Build.0 = DebugCPS|Win32
		{9C4C682A-81BC-4937-9501-11E6D1953897}.DebugCvt|ARM.ActiveCfg = DebugCvt|Win32
		{9C4C682A-81BC-4937-9501-11E6D1953897}.DebugCvt|ARM64.ActiveCfg = DebugCvt|Win32
		{9C4C682A-81BC-4937-9501-11E6D1953897}.DebugCvt|Mixed Platforms.ActiveCfg = DebugCvt|Win32
		{9C4C682A-81BC-4937-9501-11E6D1953897}.DebugCvt|Mixed Platforms.Build.0 = DebugCvt|Win32
		{9C4C682A-81BC-4937-9501-11E6D1953897}.DebugCvt|Win32.ActiveCfg = DebugCvt|Win32
		{9C4C682A-81BC-4937-9501-11E6D1953897}.DebugCvt|Win32.Build.0 = DebugCvt|Win32
		{9C4C682A-81BC-4937-9501-11E6D1953897}.DebugCvt|x64.ActiveCfg = DebugCvt|x64
		{9C4C682A-81BC-4937-9501-11E6D1953897}.DebugCvt|x64.Build.0 = DebugCvt|x64
		{9C4C682A-81BC-4937-9501-11E6D1953897}.DebugCvt|x86.ActiveCfg = DebugCvt|Win32
		{9C4C682A-81BC-4937-9501-11E6D1953897}.DebugCvt|x86.Build.0 = DebugCvt|Win32
		{9C4C682A-81BC-4937-9501-11E6D1953897}.DebugVS|ARM.ActiveCfg = DebugVS|Win32
		{9C4C682A-81BC-4937-9501-11E6D1953897}.DebugVS|ARM64.ActiveCfg = DebugVS|Win32
		{9C4C682A-81BC-4937-9501-11E6D1953897}.DebugVS|Mixed Platforms.ActiveCfg = DebugVS|Win32
		{9C4C682A-81BC-4937-9501-11E6D1953897}.DebugVS|Mixed Platforms.Build.0 = DebugVS|Win32
		{9C4C682A-81BC-4937-9501-11E6D1953897}.DebugVS|Win32.ActiveCfg = DebugVS|Win32
		{9C4C682A-81BC-4937-9501-11E6D1953897}.DebugVS|Win32.Build.0 = DebugVS|Win32
		{9C4C682A-81BC-4937-9501-11E6D1953897}.DebugVS|x64.ActiveCfg = DebugVS|x64
		{9C4C682A-81BC-4937-9501-11E6D1953897}.DebugVS|x64.Build.0 = DebugVS|x64
		{9C4C682A-81BC-4937-9501-11E6D1953897}.DebugVS|x86.ActiveCfg = DebugVS|Win32
		{9C4C682A-81BC-4937-9501-11E6D1953897}.DebugVS|x86.Build.0 = DebugVS|Win32
		{9C4C682A-81BC-4937-9501-11E6D1953897}.DebugXDIRECT|ARM.ActiveCfg = Release|x64
		{9C4C682A-81BC-4937-9501-11E6D1953897}.DebugXDIRECT|ARM.Build.0 = Release|x64
		{9C4C682A-81BC-4937-9501-11E6D1953897}.DebugXDIRECT|ARM.Deploy.0 = Release|x64
		{9C4C682A-81BC-4937-9501-11E6D1953897}.DebugXDIRECT|ARM64.ActiveCfg = Release|x64
		{9C4C682A-81BC-4937-9501-11E6D1953897}.DebugXDIRECT|ARM64.Build.0 = Release|x64
		{9C4C682A-81BC-4937-9501-11E6D1953897}.DebugXDIRECT|ARM64.Deploy.0 = Release|x64
		{9C4C682A-81BC-4937-9501-11E6D1953897}.DebugXDIRECT|Mixed Platforms.ActiveCfg = Debug|Win32
		{9C4C682A-81BC-4937-9501-11E6D1953897}.DebugXDIRECT|Mixed Platforms.Build.0 = Debug|Win32
		{9C4C682A-81BC-4937-9501-11E6D1953897}.DebugXDIRECT|Mixed Platforms.Deploy.0 = Debug|Win32
		{9C4C682A-81BC-4937-9501-11E6D1953897}.DebugXDIRECT|Win32.ActiveCfg = Debug|Win32
		{9C4C682A-81BC-4937-9501-11E6D1953897}.DebugXDIRECT|Win32.Build.0 = Debug|Win32
		{9C4C682A-81BC-4937-9501-11E6D1953897}.DebugXDIRECT|Win32.Deploy.0 = Debug|Win32
		{9C4C682A-81BC-4937-9501-11E6D1953897}.DebugXDIRECT|x64.ActiveCfg = Debug|x64
		{9C4C682A-81BC-4937-9501-11E6D1953897}.DebugXDIRECT|x64.Build.0 = Debug|x64
		{9C4C682A-81BC-4937-9501-11E6D1953897}.DebugXDIRECT|x64.Deploy.0 = Debug|x64
		{9C4C682A-81BC-4937-9501-11E6D1953897}.DebugXDIRECT|x86.ActiveCfg = Debug|Win32
		{9C4C682A-81BC-4937-9501-11E6D1953897}.DebugXDIRECT|x86.Build.0 = Debug|Win32
		{9C4C682A-81BC-4937-9501-11E6D1953897}.DebugXDIRECT|x86.Deploy.0 = Debug|Win32
		{9C4C682A-81BC-4937-9501-11E6D1953897}.I_StateManager|ARM.ActiveCfg = I_StateManager|Win32
		{9C4C682A-81BC-4937-9501-11E6D1953897}.I_StateManager|ARM64.ActiveCfg = I_StateManager|Win32
		{9C4C682A-81BC-4937-9501-11E6D1953897}.I_StateManager|Mixed Platforms.ActiveCfg = I_StateManager|Win32
		{9C4C682A-81BC-4937-9501-11E6D1953897}.I_StateManager|Mixed Platforms.Build.0 = I_StateManager|Win32
		{9C4C682A-81BC-4937-9501-11E6D1953897}.I_StateManager|Win32.ActiveCfg = I_StateManager|Win32
		{9C4C682A-81BC-4937-9501-11E6D1953897}.I_StateManager|Win32.Build.0 = I_StateManager|Win32
		{9C4C682A-81BC-4937-9501-11E6D1953897}.I_StateManager|x64.ActiveCfg = I_StateManager|x64
		{9C4C682A-81BC-4937-9501-11E6D1953897}.I_StateManager|x64.Build.0 = I_StateManager|x64
		{9C4C682A-81BC-4937-9501-11E6D1953897}.I_StateManager|x86.ActiveCfg = I_StateManager|Win32
		{9C4C682A-81BC-4937-9501-11E6D1953897}.I_StateManager|x86.Build.0 = I_StateManager|Win32
		{9C4C682A-81BC-4937-9501-11E6D1953897}.IEditor|ARM.ActiveCfg = IEditor|Win32
		{9C4C682A-81BC-4937-9501-11E6D1953897}.IEditor|ARM64.ActiveCfg = IEditor|Win32
		{9C4C682A-81BC-4937-9501-11E6D1953897}.IEditor|Mixed Platforms.ActiveCfg = IEditor|Win32
		{9C4C682A-81BC-4937-9501-11E6D1953897}.IEditor|Mixed Platforms.Build.0 = IEditor|Win32
		{9C4C682A-81BC-4937-9501-11E6D1953897}.IEditor|Win32.ActiveCfg = IEditor|Win32
		{9C4C682A-81BC-4937-9501-11E6D1953897}.IEditor|Win32.Build.0 = IEditor|Win32
		{9C4C682A-81BC-4937-9501-11E6D1953897}.IEditor|x64.ActiveCfg = IEditor|x64
		{9C4C682A-81BC-4937-9501-11E6D1953897}.IEditor|x64.Build.0 = IEditor|x64
		{9C4C682A-81BC-4937-9501-11E6D1953897}.IEditor|x86.ActiveCfg = IEditor|Win32
		{9C4C682A-81BC-4937-9501-11E6D1953897}.IEditor|x86.Build.0 = IEditor|Win32
		{9C4C682A-81BC-4937-9501-11E6D1953897}.PnIDServerDbg|ARM.ActiveCfg = PnIDServerDbg|Win32
		{9C4C682A-81BC-4937-9501-11E6D1953897}.PnIDServerDbg|ARM64.ActiveCfg = PnIDServerDbg|Win32
		{9C4C682A-81BC-4937-9501-11E6D1953897}.PnIDServerDbg|Mixed Platforms.ActiveCfg = PnIDServerDbg|Win32
		{9C4C682A-81BC-4937-9501-11E6D1953897}.PnIDServerDbg|Mixed Platforms.Build.0 = PnIDServerDbg|Win32
		{9C4C682A-81BC-4937-9501-11E6D1953897}.PnIDServerDbg|Win32.ActiveCfg = PnIDServerDbg|Win32
		{9C4C682A-81BC-4937-9501-11E6D1953897}.PnIDServerDbg|Win32.Build.0 = PnIDServerDbg|Win32
		{9C4C682A-81BC-4937-9501-11E6D1953897}.PnIDServerDbg|x64.ActiveCfg = PnIDServerDbg|x64
		{9C4C682A-81BC-4937-9501-11E6D1953897}.PnIDServerDbg|x64.Build.0 = PnIDServerDbg|x64
		{9C4C682A-81BC-4937-9501-11E6D1953897}.PnIDServerDbg|x86.ActiveCfg = PnIDServerDbg|Win32
		{9C4C682A-81BC-4937-9501-11E6D1953897}.PnIDServerDbg|x86.Build.0 = PnIDServerDbg|Win32
		{9C4C682A-81BC-4937-9501-11E6D1953897}.Release|ARM.ActiveCfg = Release|Win32
		{9C4C682A-81BC-4937-9501-11E6D1953897}.Release|ARM64.ActiveCfg = Release|Win32
		{9C4C682A-81BC-4937-9501-11E6D1953897}.Release|Mixed Platforms.ActiveCfg = Release|Win32
		{9C4C682A-81BC-4937-9501-11E6D1953897}.Release|Mixed Platforms.Build.0 = Release|Win32
		{9C4C682A-81BC-4937-9501-11E6D1953897}.Release|Mixed Platforms.Deploy.0 = Release|Win32
		{9C4C682A-81BC-4937-9501-11E6D1953897}.Release|Win32.ActiveCfg = Release|Win32
		{9C4C682A-81BC-4937-9501-11E6D1953897}.Release|Win32.Build.0 = Release|Win32
		{9C4C682A-81BC-4937-9501-11E6D1953897}.Release|Win32.Deploy.0 = Release|Win32
		{9C4C682A-81BC-4937-9501-11E6D1953897}.Release|x64.ActiveCfg = Release|x64
		{9C4C682A-81BC-4937-9501-11E6D1953897}.Release|x64.Build.0 = Release|x64
		{9C4C682A-81BC-4937-9501-11E6D1953897}.Release|x64.Deploy.0 = Release|x64
		{9C4C682A-81BC-4937-9501-11E6D1953897}.Release|x86.ActiveCfg = Release|Win32
		{9C4C682A-81BC-4937-9501-11E6D1953897}.Release|x86.Build.0 = Release|Win32
		{9C4C682A-81BC-4937-9501-11E6D1953897}.Release|x86.Deploy.0 = Release|Win32
		{9C4C682A-81BC-4937-9501-11E6D1953897}.ReleaseXDIRECTX|ARM.ActiveCfg = Release|x64
		{9C4C682A-81BC-4937-9501-11E6D1953897}.ReleaseXDIRECTX|ARM.Build.0 = Release|x64
		{9C4C682A-81BC-4937-9501-11E6D1953897}.ReleaseXDIRECTX|ARM.Deploy.0 = Release|x64
		{9C4C682A-81BC-4937-9501-11E6D1953897}.ReleaseXDIRECTX|ARM64.ActiveCfg = Release|x64
		{9C4C682A-81BC-4937-9501-11E6D1953897}.ReleaseXDIRECTX|ARM64.Build.0 = Release|x64
		{9C4C682A-81BC-4937-9501-11E6D1953897}.ReleaseXDIRECTX|ARM64.Deploy.0 = Release|x64
		{9C4C682A-81BC-4937-9501-11E6D1953897}.ReleaseXDIRECTX|Mixed Platforms.ActiveCfg = Release|Win32
		{9C4C682A-81BC-4937-9501-11E6D1953897}.ReleaseXDIRECTX|Mixed Platforms.Build.0 = Release|Win32
		{9C4C682A-81BC-4937-9501-11E6D1953897}.ReleaseXDIRECTX|Mixed Platforms.Deploy.0 = Release|Win32
		{9C4C682A-81BC-4937-9501-11E6D1953897}.ReleaseXDIRECTX|Win32.ActiveCfg = Release|Win32
		{9C4C682A-81BC-4937-9501-11E6D1953897}.ReleaseXDIRECTX|Win32.Build.0 = Release|Win32
		{9C4C682A-81BC-4937-9501-11E6D1953897}.ReleaseXDIRECTX|Win32.Deploy.0 = Release|Win32
		{9C4C682A-81BC-4937-9501-11E6D1953897}.ReleaseXDIRECTX|x64.ActiveCfg = Release|x64
		{9C4C682A-81BC-4937-9501-11E6D1953897}.ReleaseXDIRECTX|x64.Build.0 = Release|x64
		{9C4C682A-81BC-4937-9501-11E6D1953897}.ReleaseXDIRECTX|x64.Deploy.0 = Release|x64
		{9C4C682A-81BC-4937-9501-11E6D1953897}.ReleaseXDIRECTX|x86.ActiveCfg = Release|Win32
		{9C4C682A-81BC-4937-9501-11E6D1953897}.ReleaseXDIRECTX|x86.Build.0 = Release|Win32
		{9C4C682A-81BC-4937-9501-11E6D1953897}.ReleaseXDIRECTX|x86.Deploy.0 = Release|Win32
		{6E0F1A8B-3033-4FAD-99A5-C37C8CA44AEF}.China_debug|ARM.ActiveCfg = Debug|x64
		{6E0F1A8B-3033-4FAD-99A5-C37C8CA44AEF}.China_debug|ARM.Build.0 = Debug|x64
		{6E0F1A8B-3033-4FAD-99A5-C37C8CA44AEF}.China_debug|ARM64.ActiveCfg = Debug|x64
		{6E0F1A8B-3033-4FAD-99A5-C37C8CA44AEF}.China_debug|ARM64.Build.0 = Debug|x64
		{6E0F1A8B-3033-4FAD-99A5-C37C8CA44AEF}.China_debug|Mixed Platforms.ActiveCfg = Debug|x64
		{6E0F1A8B-3033-4FAD-99A5-C37C8CA44AEF}.China_debug|Mixed Platforms.Build.0 = Debug|x64
		{6E0F1A8B-3033-4FAD-99A5-C37C8CA44AEF}.China_debug|Win32.ActiveCfg = Debug|Win32
		{6E0F1A8B-3033-4FAD-99A5-C37C8CA44AEF}.China_debug|Win32.Build.0 = Debug|Win32
		{6E0F1A8B-3033-4FAD-99A5-C37C8CA44AEF}.China_debug|x64.ActiveCfg = Debug|x64
		{6E0F1A8B-3033-4FAD-99A5-C37C8CA44AEF}.China_debug|x64.Build.0 = Debug|x64
		{6E0F1A8B-3033-4FAD-99A5-C37C8CA44AEF}.China_debug|x86.ActiveCfg = Debug|Win32
		{6E0F1A8B-3033-4FAD-99A5-C37C8CA44AEF}.China_debug|x86.Build.0 = Debug|Win32
		{6E0F1A8B-3033-4FAD-99A5-C37C8CA44AEF}.DbgInsightArchive|ARM.ActiveCfg = Debug|x64
		{6E0F1A8B-3033-4FAD-99A5-C37C8CA44AEF}.DbgInsightArchive|ARM.Build.0 = Debug|x64
		{6E0F1A8B-3033-4FAD-99A5-C37C8CA44AEF}.DbgInsightArchive|ARM64.ActiveCfg = Debug|x64
		{6E0F1A8B-3033-4FAD-99A5-C37C8CA44AEF}.DbgInsightArchive|ARM64.Build.0 = Debug|x64
		{6E0F1A8B-3033-4FAD-99A5-C37C8CA44AEF}.DbgInsightArchive|Mixed Platforms.ActiveCfg = Debug|x64
		{6E0F1A8B-3033-4FAD-99A5-C37C8CA44AEF}.DbgInsightArchive|Mixed Platforms.Build.0 = Debug|x64
		{6E0F1A8B-3033-4FAD-99A5-C37C8CA44AEF}.DbgInsightArchive|Win32.ActiveCfg = Debug|Win32
		{6E0F1A8B-3033-4FAD-99A5-C37C8CA44AEF}.DbgInsightArchive|Win32.Build.0 = Debug|Win32
		{6E0F1A8B-3033-4FAD-99A5-C37C8CA44AEF}.DbgInsightArchive|x64.ActiveCfg = Debug|x64
		{6E0F1A8B-3033-4FAD-99A5-C37C8CA44AEF}.DbgInsightArchive|x64.Build.0 = Debug|x64
		{6E0F1A8B-3033-4FAD-99A5-C37C8CA44AEF}.DbgInsightArchive|x86.ActiveCfg = Debug|Win32
		{6E0F1A8B-3033-4FAD-99A5-C37C8CA44AEF}.DbgInsightArchive|x86.Build.0 = Debug|Win32
		{6E0F1A8B-3033-4FAD-99A5-C37C8CA44AEF}.Debug|ARM.ActiveCfg = Debug|x64
		{6E0F1A8B-3033-4FAD-99A5-C37C8CA44AEF}.Debug|ARM.Build.0 = Debug|x64
		{6E0F1A8B-3033-4FAD-99A5-C37C8CA44AEF}.Debug|ARM64.ActiveCfg = Debug|x64
		{6E0F1A8B-3033-4FAD-99A5-C37C8CA44AEF}.Debug|ARM64.Build.0 = Debug|x64
		{6E0F1A8B-3033-4FAD-99A5-C37C8CA44AEF}.Debug|Mixed Platforms.ActiveCfg = Debug|x64
		{6E0F1A8B-3033-4FAD-99A5-C37C8CA44AEF}.Debug|Mixed Platforms.Build.0 = Debug|x64
		{6E0F1A8B-3033-4FAD-99A5-C37C8CA44AEF}.Debug|Win32.ActiveCfg = Debug|Win32
		{6E0F1A8B-3033-4FAD-99A5-C37C8CA44AEF}.Debug|Win32.Build.0 = Debug|Win32
		{6E0F1A8B-3033-4FAD-99A5-C37C8CA44AEF}.Debug|x64.ActiveCfg = Debug|x64
		{6E0F1A8B-3033-4FAD-99A5-C37C8CA44AEF}.Debug|x64.Build.0 = Debug|x64
		{6E0F1A8B-3033-4FAD-99A5-C37C8CA44AEF}.Debug|x86.ActiveCfg = Debug|Win32
		{6E0F1A8B-3033-4FAD-99A5-C37C8CA44AEF}.Debug|x86.Build.0 = Debug|Win32
		{6E0F1A8B-3033-4FAD-99A5-C37C8CA44AEF}.DebugCPS|ARM.ActiveCfg = Debug|x64
		{6E0F1A8B-3033-4FAD-99A5-C37C8CA44AEF}.DebugCPS|ARM.Build.0 = Debug|x64
		{6E0F1A8B-3033-4FAD-99A5-C37C8CA44AEF}.DebugCPS|ARM64.ActiveCfg = Debug|x64
		{6E0F1A8B-3033-4FAD-99A5-C37C8CA44AEF}.DebugCPS|ARM64.Build.0 = Debug|x64
		{6E0F1A8B-3033-4FAD-99A5-C37C8CA44AEF}.DebugCPS|Mixed Platforms.ActiveCfg = Debug|x64
		{6E0F1A8B-3033-4FAD-99A5-C37C8CA44AEF}.DebugCPS|Mixed Platforms.Build.0 = Debug|x64
		{6E0F1A8B-3033-4FAD-99A5-C37C8CA44AEF}.DebugCPS|Win32.ActiveCfg = Debug|Win32
		{6E0F1A8B-3033-4FAD-99A5-C37C8CA44AEF}.DebugCPS|Win32.Build.0 = Debug|Win32
		{6E0F1A8B-3033-4FAD-99A5-C37C8CA44AEF}.DebugCPS|x64.ActiveCfg = Debug|x64
		{6E0F1A8B-3033-4FAD-99A5-C37C8CA44AEF}.DebugCPS|x64.Build.0 = Debug|x64
		{6E0F1A8B-3033-4FAD-99A5-C37C8CA44AEF}.DebugCPS|x86.ActiveCfg = Debug|Win32
		{6E0F1A8B-3033-4FAD-99A5-C37C8CA44AEF}.DebugCPS|x86.Build.0 = Debug|Win32
		{6E0F1A8B-3033-4FAD-99A5-C37C8CA44AEF}.DebugCvt|ARM.ActiveCfg = Debug|x64
		{6E0F1A8B-3033-4FAD-99A5-C37C8CA44AEF}.DebugCvt|ARM.Build.0 = Debug|x64
		{6E0F1A8B-3033-4FAD-99A5-C37C8CA44AEF}.DebugCvt|ARM64.ActiveCfg = Debug|x64
		{6E0F1A8B-3033-4FAD-99A5-C37C8CA44AEF}.DebugCvt|ARM64.Build.0 = Debug|x64
		{6E0F1A8B-3033-4FAD-99A5-C37C8CA44AEF}.DebugCvt|Mixed Platforms.ActiveCfg = Debug|x64
		{6E0F1A8B-3033-4FAD-99A5-C37C8CA44AEF}.DebugCvt|Mixed Platforms.Build.0 = Debug|x64
		{6E0F1A8B-3033-4FAD-99A5-C37C8CA44AEF}.DebugCvt|Win32.ActiveCfg = Debug|Win32
		{6E0F1A8B-3033-4FAD-99A5-C37C8CA44AEF}.DebugCvt|Win32.Build.0 = Debug|Win32
		{6E0F1A8B-3033-4FAD-99A5-C37C8CA44AEF}.DebugCvt|x64.ActiveCfg = Debug|x64
		{6E0F1A8B-3033-4FAD-99A5-C37C8CA44AEF}.DebugCvt|x64.Build.0 = Debug|x64
		{6E0F1A8B-3033-4FAD-99A5-C37C8CA44AEF}.DebugCvt|x86.ActiveCfg = Debug|Win32
		{6E0F1A8B-3033-4FAD-99A5-C37C8CA44AEF}.DebugCvt|x86.Build.0 = Debug|Win32
		{6E0F1A8B-3033-4FAD-99A5-C37C8CA44AEF}.DebugVS|ARM.ActiveCfg = Debug|x64
		{6E0F1A8B-3033-4FAD-99A5-C37C8CA44AEF}.DebugVS|ARM.Build.0 = Debug|x64
		{6E0F1A8B-3033-4FAD-99A5-C37C8CA44AEF}.DebugVS|ARM64.ActiveCfg = Debug|x64
		{6E0F1A8B-3033-4FAD-99A5-C37C8CA44AEF}.DebugVS|ARM64.Build.0 = Debug|x64
		{6E0F1A8B-3033-4FAD-99A5-C37C8CA44AEF}.DebugVS|Mixed Platforms.ActiveCfg = Debug|x64
		{6E0F1A8B-3033-4FAD-99A5-C37C8CA44AEF}.DebugVS|Mixed Platforms.Build.0 = Debug|x64
		{6E0F1A8B-3033-4FAD-99A5-C37C8CA44AEF}.DebugVS|Win32.ActiveCfg = Debug|Win32
		{6E0F1A8B-3033-4FAD-99A5-C37C8CA44AEF}.DebugVS|Win32.Build.0 = Debug|Win32
		{6E0F1A8B-3033-4FAD-99A5-C37C8CA44AEF}.DebugVS|x64.ActiveCfg = Debug|x64
		{6E0F1A8B-3033-4FAD-99A5-C37C8CA44AEF}.DebugVS|x64.Build.0 = Debug|x64
		{6E0F1A8B-3033-4FAD-99A5-C37C8CA44AEF}.DebugVS|x86.ActiveCfg = Debug|Win32
		{6E0F1A8B-3033-4FAD-99A5-C37C8CA44AEF}.DebugVS|x86.Build.0 = Debug|Win32
		{6E0F1A8B-3033-4FAD-99A5-C37C8CA44AEF}.DebugXDIRECT|ARM.ActiveCfg = Debug|x64
		{6E0F1A8B-3033-4FAD-99A5-C37C8CA44AEF}.DebugXDIRECT|ARM.Build.0 = Debug|x64
		{6E0F1A8B-3033-4FAD-99A5-C37C8CA44AEF}.DebugXDIRECT|ARM64.ActiveCfg = Debug|x64
		{6E0F1A8B-3033-4FAD-99A5-C37C8CA44AEF}.DebugXDIRECT|ARM64.Build.0 = Debug|x64
		{6E0F1A8B-3033-4FAD-99A5-C37C8CA44AEF}.DebugXDIRECT|Mixed Platforms.ActiveCfg = Debug|x64
		{6E0F1A8B-3033-4FAD-99A5-C37C8CA44AEF}.DebugXDIRECT|Mixed Platforms.Build.0 = Debug|x64
		{6E0F1A8B-3033-4FAD-99A5-C37C8CA44AEF}.DebugXDIRECT|Win32.ActiveCfg = Debug|Win32
		{6E0F1A8B-3033-4FAD-99A5-C37C8CA44AEF}.DebugXDIRECT|Win32.Build.0 = Debug|Win32
		{6E0F1A8B-3033-4FAD-99A5-C37C8CA44AEF}.DebugXDIRECT|x64.ActiveCfg = Debug|x64
		{6E0F1A8B-3033-4FAD-99A5-C37C8CA44AEF}.DebugXDIRECT|x64.Build.0 = Debug|x64
		{6E0F1A8B-3033-4FAD-99A5-C37C8CA44AEF}.DebugXDIRECT|x86.ActiveCfg = Debug|Win32
		{6E0F1A8B-3033-4FAD-99A5-C37C8CA44AEF}.DebugXDIRECT|x86.Build.0 = Debug|Win32
		{6E0F1A8B-3033-4FAD-99A5-C37C8CA44AEF}.I_StateManager|ARM.ActiveCfg = Debug|x64
		{6E0F1A8B-3033-4FAD-99A5-C37C8CA44AEF}.I_StateManager|ARM.Build.0 = Debug|x64
		{6E0F1A8B-3033-4FAD-99A5-C37C8CA44AEF}.I_StateManager|ARM64.ActiveCfg = Debug|x64
		{6E0F1A8B-3033-4FAD-99A5-C37C8CA44AEF}.I_StateManager|ARM64.Build.0 = Debug|x64
		{6E0F1A8B-3033-4FAD-99A5-C37C8CA44AEF}.I_StateManager|Mixed Platforms.ActiveCfg = Debug|x64
		{6E0F1A8B-3033-4FAD-99A5-C37C8CA44AEF}.I_StateManager|Mixed Platforms.Build.0 = Debug|x64
		{6E0F1A8B-3033-4FAD-99A5-C37C8CA44AEF}.I_StateManager|Win32.ActiveCfg = Debug|Win32
		{6E0F1A8B-3033-4FAD-99A5-C37C8CA44AEF}.I_StateManager|Win32.Build.0 = Debug|Win32
		{6E0F1A8B-3033-4FAD-99A5-C37C8CA44AEF}.I_StateManager|x64.ActiveCfg = Debug|x64
		{6E0F1A8B-3033-4FAD-99A5-C37C8CA44AEF}.I_StateManager|x64.Build.0 = Debug|x64
		{6E0F1A8B-3033-4FAD-99A5-C37C8CA44AEF}.I_StateManager|x86.ActiveCfg = Debug|Win32
		{6E0F1A8B-3033-4FAD-99A5-C37C8CA44AEF}.I_StateManager|x86.Build.0 = Debug|Win32
		{6E0F1A8B-3033-4FAD-99A5-C37C8CA44AEF}.IEditor|ARM.ActiveCfg = Debug|x64
		{6E0F1A8B-3033-4FAD-99A5-C37C8CA44AEF}.IEditor|ARM.Build.0 = Debug|x64
		{6E0F1A8B-3033-4FAD-99A5-C37C8CA44AEF}.IEditor|ARM64.ActiveCfg = Debug|x64
		{6E0F1A8B-3033-4FAD-99A5-C37C8CA44AEF}.IEditor|ARM64.Build.0 = Debug|x64
		{6E0F1A8B-3033-4FAD-99A5-C37C8CA44AEF}.IEditor|Mixed Platforms.ActiveCfg = Debug|x64
		{6E0F1A8B-3033-4FAD-99A5-C37C8CA44AEF}.IEditor|Mixed Platforms.Build.0 = Debug|x64
		{6E0F1A8B-3033-4FAD-99A5-C37C8CA44AEF}.IEditor|Win32.ActiveCfg = Debug|Win32
		{6E0F1A8B-3033-4FAD-99A5-C37C8CA44AEF}.IEditor|Win32.Build.0 = Debug|Win32
		{6E0F1A8B-3033-4FAD-99A5-C37C8CA44AEF}.IEditor|x64.ActiveCfg = Debug|x64
		{6E0F1A8B-3033-4FAD-99A5-C37C8CA44AEF}.IEditor|x64.Build.0 = Debug|x64
		{6E0F1A8B-3033-4FAD-99A5-C37C8CA44AEF}.IEditor|x86.ActiveCfg = Debug|Win32
		{6E0F1A8B-3033-4FAD-99A5-C37C8CA44AEF}.IEditor|x86.Build.0 = Debug|Win32
		{6E0F1A8B-3033-4FAD-99A5-C37C8CA44AEF}.PnIDServerDbg|ARM.ActiveCfg = Debug|x64
		{6E0F1A8B-3033-4FAD-99A5-C37C8CA44AEF}.PnIDServerDbg|ARM.Build.0 = Debug|x64
		{6E0F1A8B-3033-4FAD-99A5-C37C8CA44AEF}.PnIDServerDbg|ARM64.ActiveCfg = Debug|x64
		{6E0F1A8B-3033-4FAD-99A5-C37C8CA44AEF}.PnIDServerDbg|ARM64.Build.0 = Debug|x64
		{6E0F1A8B-3033-4FAD-99A5-C37C8CA44AEF}.PnIDServerDbg|Mixed Platforms.ActiveCfg = Debug|x64
		{6E0F1A8B-3033-4FAD-99A5-C37C8CA44AEF}.PnIDServerDbg|Mixed Platforms.Build.0 = Debug|x64
		{6E0F1A8B-3033-4FAD-99A5-C37C8CA44AEF}.PnIDServerDbg|Win32.ActiveCfg = Debug|Win32
		{6E0F1A8B-3033-4FAD-99A5-C37C8CA44AEF}.PnIDServerDbg|Win32.Build.0 = Debug|Win32
		{6E0F1A8B-3033-4FAD-99A5-C37C8CA44AEF}.PnIDServerDbg|x64.ActiveCfg = Debug|x64
		{6E0F1A8B-3033-4FAD-99A5-C37C8CA44AEF}.PnIDServerDbg|x64.Build.0 = Debug|x64
		{6E0F1A8B-3033-4FAD-99A5-C37C8CA44AEF}.PnIDServerDbg|x86.ActiveCfg = Debug|Win32
		{6E0F1A8B-3033-4FAD-99A5-C37C8CA44AEF}.PnIDServerDbg|x86.Build.0 = Debug|Win32
		{6E0F1A8B-3033-4FAD-99A5-C37C8CA44AEF}.Release|ARM.ActiveCfg = Release|x64
		{6E0F1A8B-3033-4FAD-99A5-C37C8CA44AEF}.Release|ARM.Build.0 = Release|x64
		{6E0F1A8B-3033-4FAD-99A5-C37C8CA44AEF}.Release|ARM64.ActiveCfg = Release|x64
		{6E0F1A8B-3033-4FAD-99A5-C37C8CA44AEF}.Release|ARM64.Build.0 = Release|x64
		{6E0F1A8B-3033-4FAD-99A5-C37C8CA44AEF}.Release|Mixed Platforms.ActiveCfg = Release|x64
		{6E0F1A8B-3033-4FAD-99A5-C37C8CA44AEF}.Release|Mixed Platforms.Build.0 = Release|x64
		{6E0F1A8B-3033-4FAD-99A5-C37C8CA44AEF}.Release|Win32.ActiveCfg = Release|Win32
		{6E0F1A8B-3033-4FAD-99A5-C37C8CA44AEF}.Release|Win32.Build.0 = Release|Win32
		{6E0F1A8B-3033-4FAD-99A5-C37C8CA44AEF}.Release|x64.ActiveCfg = Release|x64
		{6E0F1A8B-3033-4FAD-99A5-C37C8CA44AEF}.Release|x64.Build.0 = Release|x64
		{6E0F1A8B-3033-4FAD-99A5-C37C8CA44AEF}.Release|x86.ActiveCfg = Release|Win32
		{6E0F1A8B-3033-4FAD-99A5-C37C8CA44AEF}.Release|x86.Build.0 = Release|Win32
		{6E0F1A8B-3033-4FAD-99A5-C37C8CA44AEF}.ReleaseXDIRECTX|ARM.ActiveCfg = Release|x64
		{6E0F1A8B-3033-4FAD-99A5-C37C8CA44AEF}.ReleaseXDIRECTX|ARM.Build.0 = Release|x64
		{6E0F1A8B-3033-4FAD-99A5-C37C8CA44AEF}.ReleaseXDIRECTX|ARM64.ActiveCfg = Release|x64
		{6E0F1A8B-3033-4FAD-99A5-C37C8CA44AEF}.ReleaseXDIRECTX|ARM64.Build.0 = Release|x64
		{6E0F1A8B-3033-4FAD-99A5-C37C8CA44AEF}.ReleaseXDIRECTX|Mixed Platforms.ActiveCfg = Release|x64
		{6E0F1A8B-3033-4FAD-99A5-C37C8CA44AEF}.ReleaseXDIRECTX|Mixed Platforms.Build.0 = Release|x64
		{6E0F1A8B-3033-4FAD-99A5-C37C8CA44AEF}.ReleaseXDIRECTX|Win32.ActiveCfg = Release|Win32
		{6E0F1A8B-3033-4FAD-99A5-C37C8CA44AEF}.ReleaseXDIRECTX|Win32.Build.0 = Release|Win32
		{6E0F1A8B-3033-4FAD-99A5-C37C8CA44AEF}.ReleaseXDIRECTX|x64.ActiveCfg = Release|x64
		{6E0F1A8B-3033-4FAD-99A5-C37C8CA44AEF}.ReleaseXDIRECTX|x64.Build.0 = Release|x64
		{6E0F1A8B-3033-4FAD-99A5-C37C8CA44AEF}.ReleaseXDIRECTX|x86.ActiveCfg = Release|Win32
		{6E0F1A8B-3033-4FAD-99A5-C37C8CA44AEF}.ReleaseXDIRECTX|x86.Build.0 = Release|Win32
		{64E51EAD-C5BD-423E-8806-E8FFDE8C27C7}.China_debug|ARM.ActiveCfg = Debug|x64
		{64E51EAD-C5BD-423E-8806-E8FFDE8C27C7}.China_debug|ARM.Build.0 = Debug|x64
		{64E51EAD-C5BD-423E-8806-E8FFDE8C27C7}.China_debug|ARM64.ActiveCfg = Debug|x64
		{64E51EAD-C5BD-423E-8806-E8FFDE8C27C7}.China_debug|ARM64.Build.0 = Debug|x64
		{64E51EAD-C5BD-423E-8806-E8FFDE8C27C7}.China_debug|Mixed Platforms.ActiveCfg = Debug|x64
		{64E51EAD-C5BD-423E-8806-E8FFDE8C27C7}.China_debug|Mixed Platforms.Build.0 = Debug|x64
		{64E51EAD-C5BD-423E-8806-E8FFDE8C27C7}.China_debug|Win32.ActiveCfg = Debug|Win32
		{64E51EAD-C5BD-423E-8806-E8FFDE8C27C7}.China_debug|Win32.Build.0 = Debug|Win32
		{64E51EAD-C5BD-423E-8806-E8FFDE8C27C7}.China_debug|x64.ActiveCfg = Debug|x64
		{64E51EAD-C5BD-423E-8806-E8FFDE8C27C7}.China_debug|x64.Build.0 = Debug|x64
		{64E51EAD-C5BD-423E-8806-E8FFDE8C27C7}.China_debug|x86.ActiveCfg = Debug|Win32
		{64E51EAD-C5BD-423E-8806-E8FFDE8C27C7}.China_debug|x86.Build.0 = Debug|Win32
		{64E51EAD-C5BD-423E-8806-E8FFDE8C27C7}.DbgInsightArchive|ARM.ActiveCfg = Debug|x64
		{64E51EAD-C5BD-423E-8806-E8FFDE8C27C7}.DbgInsightArchive|ARM.Build.0 = Debug|x64
		{64E51EAD-C5BD-423E-8806-E8FFDE8C27C7}.DbgInsightArchive|ARM64.ActiveCfg = Debug|x64
		{64E51EAD-C5BD-423E-8806-E8FFDE8C27C7}.DbgInsightArchive|ARM64.Build.0 = Debug|x64
		{64E51EAD-C5BD-423E-8806-E8FFDE8C27C7}.DbgInsightArchive|Mixed Platforms.ActiveCfg = Debug|x64
		{64E51EAD-C5BD-423E-8806-E8FFDE8C27C7}.DbgInsightArchive|Mixed Platforms.Build.0 = Debug|x64
		{64E51EAD-C5BD-423E-8806-E8FFDE8C27C7}.DbgInsightArchive|Win32.ActiveCfg = Debug|Win32
		{64E51EAD-C5BD-423E-8806-E8FFDE8C27C7}.DbgInsightArchive|Win32.Build.0 = Debug|Win32
		{64E51EAD-C5BD-423E-8806-E8FFDE8C27C7}.DbgInsightArchive|x64.ActiveCfg = Debug|x64
		{64E51EAD-C5BD-423E-8806-E8FFDE8C27C7}.DbgInsightArchive|x64.Build.0 = Debug|x64
		{64E51EAD-C5BD-423E-8806-E8FFDE8C27C7}.DbgInsightArchive|x86.ActiveCfg = Debug|Win32
		{64E51EAD-C5BD-423E-8806-E8FFDE8C27C7}.DbgInsightArchive|x86.Build.0 = Debug|Win32
		{64E51EAD-C5BD-423E-8806-E8FFDE8C27C7}.Debug|ARM.ActiveCfg = Debug|x64
		{64E51EAD-C5BD-423E-8806-E8FFDE8C27C7}.Debug|ARM.Build.0 = Debug|x64
		{64E51EAD-C5BD-423E-8806-E8FFDE8C27C7}.Debug|ARM64.ActiveCfg = Debug|x64
		{64E51EAD-C5BD-423E-8806-E8FFDE8C27C7}.Debug|ARM64.Build.0 = Debug|x64
		{64E51EAD-C5BD-423E-8806-E8FFDE8C27C7}.Debug|Mixed Platforms.ActiveCfg = Debug|x64
		{64E51EAD-C5BD-423E-8806-E8FFDE8C27C7}.Debug|Mixed Platforms.Build.0 = Debug|x64
		{64E51EAD-C5BD-423E-8806-E8FFDE8C27C7}.Debug|Win32.ActiveCfg = Debug|Win32
		{64E51EAD-C5BD-423E-8806-E8FFDE8C27C7}.Debug|Win32.Build.0 = Debug|Win32
		{64E51EAD-C5BD-423E-8806-E8FFDE8C27C7}.Debug|x64.ActiveCfg = Debug|x64
		{64E51EAD-C5BD-423E-8806-E8FFDE8C27C7}.Debug|x64.Build.0 = Debug|x64
		{64E51EAD-C5BD-423E-8806-E8FFDE8C27C7}.Debug|x86.ActiveCfg = Debug|Win32
		{64E51EAD-C5BD-423E-8806-E8FFDE8C27C7}.Debug|x86.Build.0 = Debug|Win32
		{64E51EAD-C5BD-423E-8806-E8FFDE8C27C7}.DebugCPS|ARM.ActiveCfg = Debug|x64
		{64E51EAD-C5BD-423E-8806-E8FFDE8C27C7}.DebugCPS|ARM.Build.0 = Debug|x64
		{64E51EAD-C5BD-423E-8806-E8FFDE8C27C7}.DebugCPS|ARM64.ActiveCfg = Debug|x64
		{64E51EAD-C5BD-423E-8806-E8FFDE8C27C7}.DebugCPS|ARM64.Build.0 = Debug|x64
		{64E51EAD-C5BD-423E-8806-E8FFDE8C27C7}.DebugCPS|Mixed Platforms.ActiveCfg = Debug|x64
		{64E51EAD-C5BD-423E-8806-E8FFDE8C27C7}.DebugCPS|Mixed Platforms.Build.0 = Debug|x64
		{64E51EAD-C5BD-423E-8806-E8FFDE8C27C7}.DebugCPS|Win32.ActiveCfg = Debug|Win32
		{64E51EAD-C5BD-423E-8806-E8FFDE8C27C7}.DebugCPS|Win32.Build.0 = Debug|Win32
		{64E51EAD-C5BD-423E-8806-E8FFDE8C27C7}.DebugCPS|x64.ActiveCfg = Debug|x64
		{64E51EAD-C5BD-423E-8806-E8FFDE8C27C7}.DebugCPS|x64.Build.0 = Debug|x64
		{64E51EAD-C5BD-423E-8806-E8FFDE8C27C7}.DebugCPS|x86.ActiveCfg = Debug|Win32
		{64E51EAD-C5BD-423E-8806-E8FFDE8C27C7}.DebugCPS|x86.Build.0 = Debug|Win32
		{64E51EAD-C5BD-423E-8806-E8FFDE8C27C7}.DebugCvt|ARM.ActiveCfg = Debug|x64
		{64E51EAD-C5BD-423E-8806-E8FFDE8C27C7}.DebugCvt|ARM.Build.0 = Debug|x64
		{64E51EAD-C5BD-423E-8806-E8FFDE8C27C7}.DebugCvt|ARM64.ActiveCfg = Debug|x64
		{64E51EAD-C5BD-423E-8806-E8FFDE8C27C7}.DebugCvt|ARM64.Build.0 = Debug|x64
		{64E51EAD-C5BD-423E-8806-E8FFDE8C27C7}.DebugCvt|Mixed Platforms.ActiveCfg = Debug|x64
		{64E51EAD-C5BD-423E-8806-E8FFDE8C27C7}.DebugCvt|Mixed Platforms.Build.0 = Debug|x64
		{64E51EAD-C5BD-423E-8806-E8FFDE8C27C7}.DebugCvt|Win32.ActiveCfg = Debug|Win32
		{64E51EAD-C5BD-423E-8806-E8FFDE8C27C7}.DebugCvt|Win32.Build.0 = Debug|Win32
		{64E51EAD-C5BD-423E-8806-E8FFDE8C27C7}.DebugCvt|x64.ActiveCfg = Debug|x64
		{64E51EAD-C5BD-423E-8806-E8FFDE8C27C7}.DebugCvt|x64.Build.0 = Debug|x64
		{64E51EAD-C5BD-423E-8806-E8FFDE8C27C7}.DebugCvt|x86.ActiveCfg = Debug|Win32
		{64E51EAD-C5BD-423E-8806-E8FFDE8C27C7}.DebugCvt|x86.Build.0 = Debug|Win32
		{64E51EAD-C5BD-423E-8806-E8FFDE8C27C7}.DebugVS|ARM.ActiveCfg = Debug|x64
		{64E51EAD-C5BD-423E-8806-E8FFDE8C27C7}.DebugVS|ARM.Build.0 = Debug|x64
		{64E51EAD-C5BD-423E-8806-E8FFDE8C27C7}.DebugVS|ARM64.ActiveCfg = Debug|x64
		{64E51EAD-C5BD-423E-8806-E8FFDE8C27C7}.DebugVS|ARM64.Build.0 = Debug|x64
		{64E51EAD-C5BD-423E-8806-E8FFDE8C27C7}.DebugVS|Mixed Platforms.ActiveCfg = Debug|x64
		{64E51EAD-C5BD-423E-8806-E8FFDE8C27C7}.DebugVS|Mixed Platforms.Build.0 = Debug|x64
		{64E51EAD-C5BD-423E-8806-E8FFDE8C27C7}.DebugVS|Win32.ActiveCfg = Debug|Win32
		{64E51EAD-C5BD-423E-8806-E8FFDE8C27C7}.DebugVS|Win32.Build.0 = Debug|Win32
		{64E51EAD-C5BD-423E-8806-E8FFDE8C27C7}.DebugVS|x64.ActiveCfg = Debug|x64
		{64E51EAD-C5BD-423E-8806-E8FFDE8C27C7}.DebugVS|x64.Build.0 = Debug|x64
		{64E51EAD-C5BD-423E-8806-E8FFDE8C27C7}.DebugVS|x86.ActiveCfg = Debug|Win32
		{64E51EAD-C5BD-423E-8806-E8FFDE8C27C7}.DebugVS|x86.Build.0 = Debug|Win32
		{64E51EAD-C5BD-423E-8806-E8FFDE8C27C7}.DebugXDIRECT|ARM.ActiveCfg = Debug|x64
		{64E51EAD-C5BD-423E-8806-E8FFDE8C27C7}.DebugXDIRECT|ARM.Build.0 = Debug|x64
		{64E51EAD-C5BD-423E-8806-E8FFDE8C27C7}.DebugXDIRECT|ARM64.ActiveCfg = Debug|x64
		{64E51EAD-C5BD-423E-8806-E8FFDE8C27C7}.DebugXDIRECT|ARM64.Build.0 = Debug|x64
		{64E51EAD-C5BD-423E-8806-E8FFDE8C27C7}.DebugXDIRECT|Mixed Platforms.ActiveCfg = Debug|x64
		{64E51EAD-C5BD-423E-8806-E8FFDE8C27C7}.DebugXDIRECT|Mixed Platforms.Build.0 = Debug|x64
		{64E51EAD-C5BD-423E-8806-E8FFDE8C27C7}.DebugXDIRECT|Win32.ActiveCfg = Debug|Win32
		{64E51EAD-C5BD-423E-8806-E8FFDE8C27C7}.DebugXDIRECT|Win32.Build.0 = Debug|Win32
		{64E51EAD-C5BD-423E-8806-E8FFDE8C27C7}.DebugXDIRECT|x64.ActiveCfg = Debug|x64
		{64E51EAD-C5BD-423E-8806-E8FFDE8C27C7}.DebugXDIRECT|x64.Build.0 = Debug|x64
		{64E51EAD-C5BD-423E-8806-E8FFDE8C27C7}.DebugXDIRECT|x86.ActiveCfg = Debug|Win32
		{64E51EAD-C5BD-423E-8806-E8FFDE8C27C7}.DebugXDIRECT|x86.Build.0 = Debug|Win32
		{64E51EAD-C5BD-423E-8806-E8FFDE8C27C7}.I_StateManager|ARM.ActiveCfg = Debug|x64
		{64E51EAD-C5BD-423E-8806-E8FFDE8C27C7}.I_StateManager|ARM.Build.0 = Debug|x64
		{64E51EAD-C5BD-423E-8806-E8FFDE8C27C7}.I_StateManager|ARM64.ActiveCfg = Debug|x64
		{64E51EAD-C5BD-423E-8806-E8FFDE8C27C7}.I_StateManager|ARM64.Build.0 = Debug|x64
		{64E51EAD-C5BD-423E-8806-E8FFDE8C27C7}.I_StateManager|Mixed Platforms.ActiveCfg = Debug|x64
		{64E51EAD-C5BD-423E-8806-E8FFDE8C27C7}.I_StateManager|Mixed Platforms.Build.0 = Debug|x64
		{64E51EAD-C5BD-423E-8806-E8FFDE8C27C7}.I_StateManager|Win32.ActiveCfg = Debug|Win32
		{64E51EAD-C5BD-423E-8806-E8FFDE8C27C7}.I_StateManager|Win32.Build.0 = Debug|Win32
		{64E51EAD-C5BD-423E-8806-E8FFDE8C27C7}.I_StateManager|x64.ActiveCfg = Debug|x64
		{64E51EAD-C5BD-423E-8806-E8FFDE8C27C7}.I_StateManager|x64.Build.0 = Debug|x64
		{64E51EAD-C5BD-423E-8806-E8FFDE8C27C7}.I_StateManager|x86.ActiveCfg = Debug|Win32
		{64E51EAD-C5BD-423E-8806-E8FFDE8C27C7}.I_StateManager|x86.Build.0 = Debug|Win32
		{64E51EAD-C5BD-423E-8806-E8FFDE8C27C7}.IEditor|ARM.ActiveCfg = Debug|x64
		{64E51EAD-C5BD-423E-8806-E8FFDE8C27C7}.IEditor|ARM.Build.0 = Debug|x64
		{64E51EAD-C5BD-423E-8806-E8FFDE8C27C7}.IEditor|ARM64.ActiveCfg = Debug|x64
		{64E51EAD-C5BD-423E-8806-E8FFDE8C27C7}.IEditor|ARM64.Build.0 = Debug|x64
		{64E51EAD-C5BD-423E-8806-E8FFDE8C27C7}.IEditor|Mixed Platforms.ActiveCfg = Debug|x64
		{64E51EAD-C5BD-423E-8806-E8FFDE8C27C7}.IEditor|Mixed Platforms.Build.0 = Debug|x64
		{64E51EAD-C5BD-423E-8806-E8FFDE8C27C7}.IEditor|Win32.ActiveCfg = Debug|Win32
		{64E51EAD-C5BD-423E-8806-E8FFDE8C27C7}.IEditor|Win32.Build.0 = Debug|Win32
		{64E51EAD-C5BD-423E-8806-E8FFDE8C27C7}.IEditor|x64.ActiveCfg = Debug|x64
		{64E51EAD-C5BD-423E-8806-E8FFDE8C27C7}.IEditor|x64.Build.0 = Debug|x64
		{64E51EAD-C5BD-423E-8806-E8FFDE8C27C7}.IEditor|x86.ActiveCfg = Debug|Win32
		{64E51EAD-C5BD-423E-8806-E8FFDE8C27C7}.IEditor|x86.Build.0 = Debug|Win32
		{64E51EAD-C5BD-423E-8806-E8FFDE8C27C7}.PnIDServerDbg|ARM.ActiveCfg = Debug|x64
		{64E51EAD-C5BD-423E-8806-E8FFDE8C27C7}.PnIDServerDbg|ARM.Build.0 = Debug|x64
		{64E51EAD-C5BD-423E-8806-E8FFDE8C27C7}.PnIDServerDbg|ARM64.ActiveCfg = Debug|x64
		{64E51EAD-C5BD-423E-8806-E8FFDE8C27C7}.PnIDServerDbg|ARM64.Build.0 = Debug|x64
		{64E51EAD-C5BD-423E-8806-E8FFDE8C27C7}.PnIDServerDbg|Mixed Platforms.ActiveCfg = Debug|x64
		{64E51EAD-C5BD-423E-8806-E8FFDE8C27C7}.PnIDServerDbg|Mixed Platforms.Build.0 = Debug|x64
		{64E51EAD-C5BD-423E-8806-E8FFDE8C27C7}.PnIDServerDbg|Win32.ActiveCfg = Debug|Win32
		{64E51EAD-C5BD-423E-8806-E8FFDE8C27C7}.PnIDServerDbg|Win32.Build.0 = Debug|Win32
		{64E51EAD-C5BD-423E-8806-E8FFDE8C27C7}.PnIDServerDbg|x64.ActiveCfg = Debug|x64
		{64E51EAD-C5BD-423E-8806-E8FFDE8C27C7}.PnIDServerDbg|x64.Build.0 = Debug|x64
		{64E51EAD-C5BD-423E-8806-E8FFDE8C27C7}.PnIDServerDbg|x86.ActiveCfg = Debug|Win32
		{64E51EAD-C5BD-423E-8806-E8FFDE8C27C7}.PnIDServerDbg|x86.Build.0 = Debug|Win32
		{64E51EAD-C5BD-423E-8806-E8FFDE8C27C7}.Release|ARM.ActiveCfg = Release|x64
		{64E51EAD-C5BD-423E-8806-E8FFDE8C27C7}.Release|ARM.Build.0 = Release|x64
		{64E51EAD-C5BD-423E-8806-E8FFDE8C27C7}.Release|ARM64.ActiveCfg = Release|x64
		{64E51EAD-C5BD-423E-8806-E8FFDE8C27C7}.Release|ARM64.Build.0 = Release|x64
		{64E51EAD-C5BD-423E-8806-E8FFDE8C27C7}.Release|Mixed Platforms.ActiveCfg = Release|x64
		{64E51EAD-C5BD-423E-8806-E8FFDE8C27C7}.Release|Mixed Platforms.Build.0 = Release|x64
		{64E51EAD-C5BD-423E-8806-E8FFDE8C27C7}.Release|Win32.ActiveCfg = Release|Win32
		{64E51EAD-C5BD-423E-8806-E8FFDE8C27C7}.Release|Win32.Build.0 = Release|Win32
		{64E51EAD-C5BD-423E-8806-E8FFDE8C27C7}.Release|x64.ActiveCfg = Release|x64
		{64E51EAD-C5BD-423E-8806-E8FFDE8C27C7}.Release|x64.Build.0 = Release|x64
		{64E51EAD-C5BD-423E-8806-E8FFDE8C27C7}.Release|x86.ActiveCfg = Release|Win32
		{64E51EAD-C5BD-423E-8806-E8FFDE8C27C7}.Release|x86.Build.0 = Release|Win32
		{64E51EAD-C5BD-423E-8806-E8FFDE8C27C7}.ReleaseXDIRECTX|ARM.ActiveCfg = Release|x64
		{64E51EAD-C5BD-423E-8806-E8FFDE8C27C7}.ReleaseXDIRECTX|ARM.Build.0 = Release|x64
		{64E51EAD-C5BD-423E-8806-E8FFDE8C27C7}.ReleaseXDIRECTX|ARM64.ActiveCfg = Release|x64
		{64E51EAD-C5BD-423E-8806-E8FFDE8C27C7}.ReleaseXDIRECTX|ARM64.Build.0 = Release|x64
		{64E51EAD-C5BD-423E-8806-E8FFDE8C27C7}.ReleaseXDIRECTX|Mixed Platforms.ActiveCfg = Release|x64
		{64E51EAD-C5BD-423E-8806-E8FFDE8C27C7}.ReleaseXDIRECTX|Mixed Platforms.Build.0 = Release|x64
		{64E51EAD-C5BD-423E-8806-E8FFDE8C27C7}.ReleaseXDIRECTX|Win32.ActiveCfg = Release|Win32
		{64E51EAD-C5BD-423E-8806-E8FFDE8C27C7}.ReleaseXDIRECTX|Win32.Build.0 = Release|Win32
		{64E51EAD-C5BD-423E-8806-E8FFDE8C27C7}.ReleaseXDIRECTX|x64.ActiveCfg = Release|x64
		{64E51EAD-C5BD-423E-8806-E8FFDE8C27C7}.ReleaseXDIRECTX|x64.Build.0 = Release|x64
		{64E51EAD-C5BD-423E-8806-E8FFDE8C27C7}.ReleaseXDIRECTX|x86.ActiveCfg = Release|Win32
		{64E51EAD-C5BD-423E-8806-E8FFDE8C27C7}.ReleaseXDIRECTX|x86.Build.0 = Release|Win32
		{844FC92F-550C-4236-A0BC-12BA4E777280}.China_debug|ARM.ActiveCfg = Debug|x64
		{844FC92F-550C-4236-A0BC-12BA4E777280}.China_debug|ARM.Build.0 = Debug|x64
		{844FC92F-550C-4236-A0BC-12BA4E777280}.China_debug|ARM64.ActiveCfg = Debug|x64
		{844FC92F-550C-4236-A0BC-12BA4E777280}.China_debug|ARM64.Build.0 = Debug|x64
		{844FC92F-550C-4236-A0BC-12BA4E777280}.China_debug|Mixed Platforms.ActiveCfg = Debug|x64
		{844FC92F-550C-4236-A0BC-12BA4E777280}.China_debug|Mixed Platforms.Build.0 = Debug|x64
		{844FC92F-550C-4236-A0BC-12BA4E777280}.China_debug|Win32.ActiveCfg = Debug|Win32
		{844FC92F-550C-4236-A0BC-12BA4E777280}.China_debug|Win32.Build.0 = Debug|Win32
		{844FC92F-550C-4236-A0BC-12BA4E777280}.China_debug|x64.ActiveCfg = Debug|x64
		{844FC92F-550C-4236-A0BC-12BA4E777280}.China_debug|x64.Build.0 = Debug|x64
		{844FC92F-550C-4236-A0BC-12BA4E777280}.China_debug|x86.ActiveCfg = Debug|Win32
		{844FC92F-550C-4236-A0BC-12BA4E777280}.China_debug|x86.Build.0 = Debug|Win32
		{844FC92F-550C-4236-A0BC-12BA4E777280}.DbgInsightArchive|ARM.ActiveCfg = Debug|x64
		{844FC92F-550C-4236-A0BC-12BA4E777280}.DbgInsightArchive|ARM.Build.0 = Debug|x64
		{844FC92F-550C-4236-A0BC-12BA4E777280}.DbgInsightArchive|ARM64.ActiveCfg = Debug|x64
		{844FC92F-550C-4236-A0BC-12BA4E777280}.DbgInsightArchive|ARM64.Build.0 = Debug|x64
		{844FC92F-550C-4236-A0BC-12BA4E777280}.DbgInsightArchive|Mixed Platforms.ActiveCfg = Debug|x64
		{844FC92F-550C-4236-A0BC-12BA4E777280}.DbgInsightArchive|Mixed Platforms.Build.0 = Debug|x64
		{844FC92F-550C-4236-A0BC-12BA4E777280}.DbgInsightArchive|Win32.ActiveCfg = Debug|Win32
		{844FC92F-550C-4236-A0BC-12BA4E777280}.DbgInsightArchive|Win32.Build.0 = Debug|Win32
		{844FC92F-550C-4236-A0BC-12BA4E777280}.DbgInsightArchive|x64.ActiveCfg = Debug|x64
		{844FC92F-550C-4236-A0BC-12BA4E777280}.DbgInsightArchive|x64.Build.0 = Debug|x64
		{844FC92F-550C-4236-A0BC-12BA4E777280}.DbgInsightArchive|x86.ActiveCfg = Debug|Win32
		{844FC92F-550C-4236-A0BC-12BA4E777280}.DbgInsightArchive|x86.Build.0 = Debug|Win32
		{844FC92F-550C-4236-A0BC-12BA4E777280}.Debug|ARM.ActiveCfg = Debug|x64
		{844FC92F-550C-4236-A0BC-12BA4E777280}.Debug|ARM.Build.0 = Debug|x64
		{844FC92F-550C-4236-A0BC-12BA4E777280}.Debug|ARM64.ActiveCfg = Debug|x64
		{844FC92F-550C-4236-A0BC-12BA4E777280}.Debug|ARM64.Build.0 = Debug|x64
		{844FC92F-550C-4236-A0BC-12BA4E777280}.Debug|Mixed Platforms.ActiveCfg = Debug|x64
		{844FC92F-550C-4236-A0BC-12BA4E777280}.Debug|Mixed Platforms.Build.0 = Debug|x64
		{844FC92F-550C-4236-A0BC-12BA4E777280}.Debug|Win32.ActiveCfg = Debug|Win32
		{844FC92F-550C-4236-A0BC-12BA4E777280}.Debug|Win32.Build.0 = Debug|Win32
		{844FC92F-550C-4236-A0BC-12BA4E777280}.Debug|x64.ActiveCfg = Debug|x64
		{844FC92F-550C-4236-A0BC-12BA4E777280}.Debug|x64.Build.0 = Debug|x64
		{844FC92F-550C-4236-A0BC-12BA4E777280}.Debug|x86.ActiveCfg = Debug|Win32
		{844FC92F-550C-4236-A0BC-12BA4E777280}.Debug|x86.Build.0 = Debug|Win32
		{844FC92F-550C-4236-A0BC-12BA4E777280}.DebugCPS|ARM.ActiveCfg = Debug|x64
		{844FC92F-550C-4236-A0BC-12BA4E777280}.DebugCPS|ARM.Build.0 = Debug|x64
		{844FC92F-550C-4236-A0BC-12BA4E777280}.DebugCPS|ARM64.ActiveCfg = Debug|x64
		{844FC92F-550C-4236-A0BC-12BA4E777280}.DebugCPS|ARM64.Build.0 = Debug|x64
		{844FC92F-550C-4236-A0BC-12BA4E777280}.DebugCPS|Mixed Platforms.ActiveCfg = Debug|x64
		{844FC92F-550C-4236-A0BC-12BA4E777280}.DebugCPS|Mixed Platforms.Build.0 = Debug|x64
		{844FC92F-550C-4236-A0BC-12BA4E777280}.DebugCPS|Win32.ActiveCfg = Debug|Win32
		{844FC92F-550C-4236-A0BC-12BA4E777280}.DebugCPS|Win32.Build.0 = Debug|Win32
		{844FC92F-550C-4236-A0BC-12BA4E777280}.DebugCPS|x64.ActiveCfg = Debug|x64
		{844FC92F-550C-4236-A0BC-12BA4E777280}.DebugCPS|x64.Build.0 = Debug|x64
		{844FC92F-550C-4236-A0BC-12BA4E777280}.DebugCPS|x86.ActiveCfg = Debug|Win32
		{844FC92F-550C-4236-A0BC-12BA4E777280}.DebugCPS|x86.Build.0 = Debug|Win32
		{844FC92F-550C-4236-A0BC-12BA4E777280}.DebugCvt|ARM.ActiveCfg = Debug|x64
		{844FC92F-550C-4236-A0BC-12BA4E777280}.DebugCvt|ARM.Build.0 = Debug|x64
		{844FC92F-550C-4236-A0BC-12BA4E777280}.DebugCvt|ARM64.ActiveCfg = Debug|x64
		{844FC92F-550C-4236-A0BC-12BA4E777280}.DebugCvt|ARM64.Build.0 = Debug|x64
		{844FC92F-550C-4236-A0BC-12BA4E777280}.DebugCvt|Mixed Platforms.ActiveCfg = Debug|x64
		{844FC92F-550C-4236-A0BC-12BA4E777280}.DebugCvt|Mixed Platforms.Build.0 = Debug|x64
		{844FC92F-550C-4236-A0BC-12BA4E777280}.DebugCvt|Win32.ActiveCfg = Debug|Win32
		{844FC92F-550C-4236-A0BC-12BA4E777280}.DebugCvt|Win32.Build.0 = Debug|Win32
		{844FC92F-550C-4236-A0BC-12BA4E777280}.DebugCvt|x64.ActiveCfg = Debug|x64
		{844FC92F-550C-4236-A0BC-12BA4E777280}.DebugCvt|x64.Build.0 = Debug|x64
		{844FC92F-550C-4236-A0BC-12BA4E777280}.DebugCvt|x86.ActiveCfg = Debug|Win32
		{844FC92F-550C-4236-A0BC-12BA4E777280}.DebugCvt|x86.Build.0 = Debug|Win32
		{844FC92F-550C-4236-A0BC-12BA4E777280}.DebugVS|ARM.ActiveCfg = Debug|x64
		{844FC92F-550C-4236-A0BC-12BA4E777280}.DebugVS|ARM.Build.0 = Debug|x64
		{844FC92F-550C-4236-A0BC-12BA4E777280}.DebugVS|ARM64.ActiveCfg = Debug|x64
		{844FC92F-550C-4236-A0BC-12BA4E777280}.DebugVS|ARM64.Build.0 = Debug|x64
		{844FC92F-550C-4236-A0BC-12BA4E777280}.DebugVS|Mixed Platforms.ActiveCfg = Debug|x64
		{844FC92F-550C-4236-A0BC-12BA4E777280}.DebugVS|Mixed Platforms.Build.0 = Debug|x64
		{844FC92F-550C-4236-A0BC-12BA4E777280}.DebugVS|Win32.ActiveCfg = Debug|Win32
		{844FC92F-550C-4236-A0BC-12BA4E777280}.DebugVS|Win32.Build.0 = Debug|Win32
		{844FC92F-550C-4236-A0BC-12BA4E777280}.DebugVS|x64.ActiveCfg = Debug|x64
		{844FC92F-550C-4236-A0BC-12BA4E777280}.DebugVS|x64.Build.0 = Debug|x64
		{844FC92F-550C-4236-A0BC-12BA4E777280}.DebugVS|x86.ActiveCfg = Debug|Win32
		{844FC92F-550C-4236-A0BC-12BA4E777280}.DebugVS|x86.Build.0 = Debug|Win32
		{844FC92F-550C-4236-A0BC-12BA4E777280}.DebugXDIRECT|ARM.ActiveCfg = Debug|x64
		{844FC92F-550C-4236-A0BC-12BA4E777280}.DebugXDIRECT|ARM.Build.0 = Debug|x64
		{844FC92F-550C-4236-A0BC-12BA4E777280}.DebugXDIRECT|ARM64.ActiveCfg = Debug|x64
		{844FC92F-550C-4236-A0BC-12BA4E777280}.DebugXDIRECT|ARM64.Build.0 = Debug|x64
		{844FC92F-550C-4236-A0BC-12BA4E777280}.DebugXDIRECT|Mixed Platforms.ActiveCfg = Debug|x64
		{844FC92F-550C-4236-A0BC-12BA4E777280}.DebugXDIRECT|Mixed Platforms.Build.0 = Debug|x64
		{844FC92F-550C-4236-A0BC-12BA4E777280}.DebugXDIRECT|Win32.ActiveCfg = Debug|Win32
		{844FC92F-550C-4236-A0BC-12BA4E777280}.DebugXDIRECT|Win32.Build.0 = Debug|Win32
		{844FC92F-550C-4236-A0BC-12BA4E777280}.DebugXDIRECT|x64.ActiveCfg = Debug|x64
		{844FC92F-550C-4236-A0BC-12BA4E777280}.DebugXDIRECT|x64.Build.0 = Debug|x64
		{844FC92F-550C-4236-A0BC-12BA4E777280}.DebugXDIRECT|x86.ActiveCfg = Debug|Win32
		{844FC92F-550C-4236-A0BC-12BA4E777280}.DebugXDIRECT|x86.Build.0 = Debug|Win32
		{844FC92F-550C-4236-A0BC-12BA4E777280}.I_StateManager|ARM.ActiveCfg = Debug|x64
		{844FC92F-550C-4236-A0BC-12BA4E777280}.I_StateManager|ARM.Build.0 = Debug|x64
		{844FC92F-550C-4236-A0BC-12BA4E777280}.I_StateManager|ARM64.ActiveCfg = Debug|x64
		{844FC92F-550C-4236-A0BC-12BA4E777280}.I_StateManager|ARM64.Build.0 = Debug|x64
		{844FC92F-550C-4236-A0BC-12BA4E777280}.I_StateManager|Mixed Platforms.ActiveCfg = Debug|x64
		{844FC92F-550C-4236-A0BC-12BA4E777280}.I_StateManager|Mixed Platforms.Build.0 = Debug|x64
		{844FC92F-550C-4236-A0BC-12BA4E777280}.I_StateManager|Win32.ActiveCfg = Debug|Win32
		{844FC92F-550C-4236-A0BC-12BA4E777280}.I_StateManager|Win32.Build.0 = Debug|Win32
		{844FC92F-550C-4236-A0BC-12BA4E777280}.I_StateManager|x64.ActiveCfg = Debug|x64
		{844FC92F-550C-4236-A0BC-12BA4E777280}.I_StateManager|x64.Build.0 = Debug|x64
		{844FC92F-550C-4236-A0BC-12BA4E777280}.I_StateManager|x86.ActiveCfg = Debug|Win32
		{844FC92F-550C-4236-A0BC-12BA4E777280}.I_StateManager|x86.Build.0 = Debug|Win32
		{844FC92F-550C-4236-A0BC-12BA4E777280}.IEditor|ARM.ActiveCfg = Debug|x64
		{844FC92F-550C-4236-A0BC-12BA4E777280}.IEditor|ARM.Build.0 = Debug|x64
		{844FC92F-550C-4236-A0BC-12BA4E777280}.IEditor|ARM64.ActiveCfg = Debug|x64
		{844FC92F-550C-4236-A0BC-12BA4E777280}.IEditor|ARM64.Build.0 = Debug|x64
		{844FC92F-550C-4236-A0BC-12BA4E777280}.IEditor|Mixed Platforms.ActiveCfg = Debug|x64
		{844FC92F-550C-4236-A0BC-12BA4E777280}.IEditor|Mixed Platforms.Build.0 = Debug|x64
		{844FC92F-550C-4236-A0BC-12BA4E777280}.IEditor|Win32.ActiveCfg = Debug|Win32
		{844FC92F-550C-4236-A0BC-12BA4E777280}.IEditor|Win32.Build.0 = Debug|Win32
		{844FC92F-550C-4236-A0BC-12BA4E777280}.IEditor|x64.ActiveCfg = Debug|x64
		{844FC92F-550C-4236-A0BC-12BA4E777280}.IEditor|x64.Build.0 = Debug|x64
		{844FC92F-550C-4236-A0BC-12BA4E777280}.IEditor|x86.ActiveCfg = Debug|Win32
		{844FC92F-550C-4236-A0BC-12BA4E777280}.IEditor|x86.Build.0 = Debug|Win32
		{844FC92F-550C-4236-A0BC-12BA4E777280}.PnIDServerDbg|ARM.ActiveCfg = Debug|x64
		{844FC92F-550C-4236-A0BC-12BA4E777280}.PnIDServerDbg|ARM.Build.0 = Debug|x64
		{844FC92F-550C-4236-A0BC-12BA4E777280}.PnIDServerDbg|ARM64.ActiveCfg = Debug|x64
		{844FC92F-550C-4236-A0BC-12BA4E777280}.PnIDServerDbg|ARM64.Build.0 = Debug|x64
		{844FC92F-550C-4236-A0BC-12BA4E777280}.PnIDServerDbg|Mixed Platforms.ActiveCfg = Debug|x64
		{844FC92F-550C-4236-A0BC-12BA4E777280}.PnIDServerDbg|Mixed Platforms.Build.0 = Debug|x64
		{844FC92F-550C-4236-A0BC-12BA4E777280}.PnIDServerDbg|Win32.ActiveCfg = Debug|Win32
		{844FC92F-550C-4236-A0BC-12BA4E777280}.PnIDServerDbg|Win32.Build.0 = Debug|Win32
		{844FC92F-550C-4236-A0BC-12BA4E777280}.PnIDServerDbg|x64.ActiveCfg = Debug|x64
		{844FC92F-550C-4236-A0BC-12BA4E777280}.PnIDServerDbg|x64.Build.0 = Debug|x64
		{844FC92F-550C-4236-A0BC-12BA4E777280}.PnIDServerDbg|x86.ActiveCfg = Debug|Win32
		{844FC92F-550C-4236-A0BC-12BA4E777280}.PnIDServerDbg|x86.Build.0 = Debug|Win32
		{844FC92F-550C-4236-A0BC-12BA4E777280}.Release|ARM.ActiveCfg = Release|x64
		{844FC92F-550C-4236-A0BC-12BA4E777280}.Release|ARM.Build.0 = Release|x64
		{844FC92F-550C-4236-A0BC-12BA4E777280}.Release|ARM64.ActiveCfg = Release|x64
		{844FC92F-550C-4236-A0BC-12BA4E777280}.Release|ARM64.Build.0 = Release|x64
		{844FC92F-550C-4236-A0BC-12BA4E777280}.Release|Mixed Platforms.ActiveCfg = Release|x64
		{844FC92F-550C-4236-A0BC-12BA4E777280}.Release|Mixed Platforms.Build.0 = Release|x64
		{844FC92F-550C-4236-A0BC-12BA4E777280}.Release|Win32.ActiveCfg = Release|Win32
		{844FC92F-550C-4236-A0BC-12BA4E777280}.Release|Win32.Build.0 = Release|Win32
		{844FC92F-550C-4236-A0BC-12BA4E777280}.Release|x64.ActiveCfg = Release|x64
		{844FC92F-550C-4236-A0BC-12BA4E777280}.Release|x64.Build.0 = Release|x64
		{844FC92F-550C-4236-A0BC-12BA4E777280}.Release|x86.ActiveCfg = Release|Win32
		{844FC92F-550C-4236-A0BC-12BA4E777280}.Release|x86.Build.0 = Release|Win32
		{844FC92F-550C-4236-A0BC-12BA4E777280}.ReleaseXDIRECTX|ARM.ActiveCfg = Release|x64
		{844FC92F-550C-4236-A0BC-12BA4E777280}.ReleaseXDIRECTX|ARM.Build.0 = Release|x64
		{844FC92F-550C-4236-A0BC-12BA4E777280}.ReleaseXDIRECTX|ARM64.ActiveCfg = Release|x64
		{844FC92F-550C-4236-A0BC-12BA4E777280}.ReleaseXDIRECTX|ARM64.Build.0 = Release|x64
		{844FC92F-550C-4236-A0BC-12BA4E777280}.ReleaseXDIRECTX|Mixed Platforms.ActiveCfg = Release|x64
		{844FC92F-550C-4236-A0BC-12BA4E777280}.ReleaseXDIRECTX|Mixed Platforms.Build.0 = Release|x64
		{844FC92F-550C-4236-A0BC-12BA4E777280}.ReleaseXDIRECTX|Win32.ActiveCfg = Release|Win32
		{844FC92F-550C-4236-A0BC-12BA4E777280}.ReleaseXDIRECTX|Win32.Build.0 = Release|Win32
		{844FC92F-550C-4236-A0BC-12BA4E777280}.ReleaseXDIRECTX|x64.ActiveCfg = Release|x64
		{844FC92F-550C-4236-A0BC-12BA4E777280}.ReleaseXDIRECTX|x64.Build.0 = Release|x64
		{844FC92F-550C-4236-A0BC-12BA4E777280}.ReleaseXDIRECTX|x86.ActiveCfg = Release|Win32
		{844FC92F-550C-4236-A0BC-12BA4E777280}.ReleaseXDIRECTX|x86.Build.0 = Release|Win32
		{72BCA814-F6E1-46D5-A950-769B25C27746}.China_debug|ARM.ActiveCfg = Debug|x64
		{72BCA814-F6E1-46D5-A950-769B25C27746}.China_debug|ARM.Build.0 = Debug|x64
		{72BCA814-F6E1-46D5-A950-769B25C27746}.China_debug|ARM64.ActiveCfg = Debug|x64
		{72BCA814-F6E1-46D5-A950-769B25C27746}.China_debug|ARM64.Build.0 = Debug|x64
		{72BCA814-F6E1-46D5-A950-769B25C27746}.China_debug|Mixed Platforms.ActiveCfg = Debug|x64
		{72BCA814-F6E1-46D5-A950-769B25C27746}.China_debug|Mixed Platforms.Build.0 = Debug|x64
		{72BCA814-F6E1-46D5-A950-769B25C27746}.China_debug|Win32.ActiveCfg = Debug|Win32
		{72BCA814-F6E1-46D5-A950-769B25C27746}.China_debug|Win32.Build.0 = Debug|Win32
		{72BCA814-F6E1-46D5-A950-769B25C27746}.China_debug|x64.ActiveCfg = Debug|x64
		{72BCA814-F6E1-46D5-A950-769B25C27746}.China_debug|x64.Build.0 = Debug|x64
		{72BCA814-F6E1-46D5-A950-769B25C27746}.China_debug|x86.ActiveCfg = Debug|Win32
		{72BCA814-F6E1-46D5-A950-769B25C27746}.China_debug|x86.Build.0 = Debug|Win32
		{72BCA814-F6E1-46D5-A950-769B25C27746}.DbgInsightArchive|ARM.ActiveCfg = Debug|x64
		{72BCA814-F6E1-46D5-A950-769B25C27746}.DbgInsightArchive|ARM.Build.0 = Debug|x64
		{72BCA814-F6E1-46D5-A950-769B25C27746}.DbgInsightArchive|ARM64.ActiveCfg = Debug|x64
		{72BCA814-F6E1-46D5-A950-769B25C27746}.DbgInsightArchive|ARM64.Build.0 = Debug|x64
		{72BCA814-F6E1-46D5-A950-769B25C27746}.DbgInsightArchive|Mixed Platforms.ActiveCfg = Debug|x64
		{72BCA814-F6E1-46D5-A950-769B25C27746}.DbgInsightArchive|Mixed Platforms.Build.0 = Debug|x64
		{72BCA814-F6E1-46D5-A950-769B25C27746}.DbgInsightArchive|Win32.ActiveCfg = Debug|Win32
		{72BCA814-F6E1-46D5-A950-769B25C27746}.DbgInsightArchive|Win32.Build.0 = Debug|Win32
		{72BCA814-F6E1-46D5-A950-769B25C27746}.DbgInsightArchive|x64.ActiveCfg = Debug|x64
		{72BCA814-F6E1-46D5-A950-769B25C27746}.DbgInsightArchive|x64.Build.0 = Debug|x64
		{72BCA814-F6E1-46D5-A950-769B25C27746}.DbgInsightArchive|x86.ActiveCfg = Debug|Win32
		{72BCA814-F6E1-46D5-A950-769B25C27746}.DbgInsightArchive|x86.Build.0 = Debug|Win32
		{72BCA814-F6E1-46D5-A950-769B25C27746}.Debug|ARM.ActiveCfg = Debug|x64
		{72BCA814-F6E1-46D5-A950-769B25C27746}.Debug|ARM.Build.0 = Debug|x64
		{72BCA814-F6E1-46D5-A950-769B25C27746}.Debug|ARM64.ActiveCfg = Debug|x64
		{72BCA814-F6E1-46D5-A950-769B25C27746}.Debug|ARM64.Build.0 = Debug|x64
		{72BCA814-F6E1-46D5-A950-769B25C27746}.Debug|Mixed Platforms.ActiveCfg = Debug|x64
		{72BCA814-F6E1-46D5-A950-769B25C27746}.Debug|Mixed Platforms.Build.0 = Debug|x64
		{72BCA814-F6E1-46D5-A950-769B25C27746}.Debug|Win32.ActiveCfg = Debug|Win32
		{72BCA814-F6E1-46D5-A950-769B25C27746}.Debug|Win32.Build.0 = Debug|Win32
		{72BCA814-F6E1-46D5-A950-769B25C27746}.Debug|x64.ActiveCfg = Debug|x64
		{72BCA814-F6E1-46D5-A950-769B25C27746}.Debug|x64.Build.0 = Debug|x64
		{72BCA814-F6E1-46D5-A950-769B25C27746}.Debug|x86.ActiveCfg = Debug|Win32
		{72BCA814-F6E1-46D5-A950-769B25C27746}.Debug|x86.Build.0 = Debug|Win32
		{72BCA814-F6E1-46D5-A950-769B25C27746}.DebugCPS|ARM.ActiveCfg = Debug|x64
		{72BCA814-F6E1-46D5-A950-769B25C27746}.DebugCPS|ARM.Build.0 = Debug|x64
		{72BCA814-F6E1-46D5-A950-769B25C27746}.DebugCPS|ARM64.ActiveCfg = Debug|x64
		{72BCA814-F6E1-46D5-A950-769B25C27746}.DebugCPS|ARM64.Build.0 = Debug|x64
		{72BCA814-F6E1-46D5-A950-769B25C27746}.DebugCPS|Mixed Platforms.ActiveCfg = Debug|x64
		{72BCA814-F6E1-46D5-A950-769B25C27746}.DebugCPS|Mixed Platforms.Build.0 = Debug|x64
		{72BCA814-F6E1-46D5-A950-769B25C27746}.DebugCPS|Win32.ActiveCfg = Debug|Win32
		{72BCA814-F6E1-46D5-A950-769B25C27746}.DebugCPS|Win32.Build.0 = Debug|Win32
		{72BCA814-F6E1-46D5-A950-769B25C27746}.DebugCPS|x64.ActiveCfg = Debug|x64
		{72BCA814-F6E1-46D5-A950-769B25C27746}.DebugCPS|x64.Build.0 = Debug|x64
		{72BCA814-F6E1-46D5-A950-769B25C27746}.DebugCPS|x86.ActiveCfg = Debug|Win32
		{72BCA814-F6E1-46D5-A950-769B25C27746}.DebugCPS|x86.Build.0 = Debug|Win32
		{72BCA814-F6E1-46D5-A950-769B25C27746}.DebugCvt|ARM.ActiveCfg = Debug|x64
		{72BCA814-F6E1-46D5-A950-769B25C27746}.DebugCvt|ARM.Build.0 = Debug|x64
		{72BCA814-F6E1-46D5-A950-769B25C27746}.DebugCvt|ARM64.ActiveCfg = Debug|x64
		{72BCA814-F6E1-46D5-A950-769B25C27746}.DebugCvt|ARM64.Build.0 = Debug|x64
		{72BCA814-F6E1-46D5-A950-769B25C27746}.DebugCvt|Mixed Platforms.ActiveCfg = Debug|x64
		{72BCA814-F6E1-46D5-A950-769B25C27746}.DebugCvt|Mixed Platforms.Build.0 = Debug|x64
		{72BCA814-F6E1-46D5-A950-769B25C27746}.DebugCvt|Win32.ActiveCfg = Debug|Win32
		{72BCA814-F6E1-46D5-A950-769B25C27746}.DebugCvt|Win32.Build.0 = Debug|Win32
		{72BCA814-F6E1-46D5-A950-769B25C27746}.DebugCvt|x64.ActiveCfg = Debug|x64
		{72BCA814-F6E1-46D5-A950-769B25C27746}.DebugCvt|x64.Build.0 = Debug|x64
		{72BCA814-F6E1-46D5-A950-769B25C27746}.DebugCvt|x86.ActiveCfg = Debug|Win32
		{72BCA814-F6E1-46D5-A950-769B25C27746}.DebugCvt|x86.Build.0 = Debug|Win32
		{72BCA814-F6E1-46D5-A950-769B25C27746}.DebugVS|ARM.ActiveCfg = Debug|x64
		{72BCA814-F6E1-46D5-A950-769B25C27746}.DebugVS|ARM.Build.0 = Debug|x64
		{72BCA814-F6E1-46D5-A950-769B25C27746}.DebugVS|ARM64.ActiveCfg = Debug|x64
		{72BCA814-F6E1-46D5-A950-769B25C27746}.DebugVS|ARM64.Build.0 = Debug|x64
		{72BCA814-F6E1-46D5-A950-769B25C27746}.DebugVS|Mixed Platforms.ActiveCfg = Debug|x64
		{72BCA814-F6E1-46D5-A950-769B25C27746}.DebugVS|Mixed Platforms.Build.0 = Debug|x64
		{72BCA814-F6E1-46D5-A950-769B25C27746}.DebugVS|Win32.ActiveCfg = Debug|Win32
		{72BCA814-F6E1-46D5-A950-769B25C27746}.DebugVS|Win32.Build.0 = Debug|Win32
		{72BCA814-F6E1-46D5-A950-769B25C27746}.DebugVS|x64.ActiveCfg = Debug|x64
		{72BCA814-F6E1-46D5-A950-769B25C27746}.DebugVS|x64.Build.0 = Debug|x64
		{72BCA814-F6E1-46D5-A950-769B25C27746}.DebugVS|x86.ActiveCfg = Debug|Win32
		{72BCA814-F6E1-46D5-A950-769B25C27746}.DebugVS|x86.Build.0 = Debug|Win32
		{72BCA814-F6E1-46D5-A950-769B25C27746}.DebugXDIRECT|ARM.ActiveCfg = Debug|x64
		{72BCA814-F6E1-46D5-A950-769B25C27746}.DebugXDIRECT|ARM.Build.0 = Debug|x64
		{72BCA814-F6E1-46D5-A950-769B25C27746}.DebugXDIRECT|ARM64.ActiveCfg = Debug|x64
		{72BCA814-F6E1-46D5-A950-769B25C27746}.DebugXDIRECT|ARM64.Build.0 = Debug|x64
		{72BCA814-F6E1-46D5-A950-769B25C27746}.DebugXDIRECT|Mixed Platforms.ActiveCfg = Debug|x64
		{72BCA814-F6E1-46D5-A950-769B25C27746}.DebugXDIRECT|Mixed Platforms.Build.0 = Debug|x64
		{72BCA814-F6E1-46D5-A950-769B25C27746}.DebugXDIRECT|Win32.ActiveCfg = Debug|Win32
		{72BCA814-F6E1-46D5-A950-769B25C27746}.DebugXDIRECT|Win32.Build.0 = Debug|Win32
		{72BCA814-F6E1-46D5-A950-769B25C27746}.DebugXDIRECT|x64.ActiveCfg = Debug|x64
		{72BCA814-F6E1-46D5-A950-769B25C27746}.DebugXDIRECT|x64.Build.0 = Debug|x64
		{72BCA814-F6E1-46D5-A950-769B25C27746}.DebugXDIRECT|x86.ActiveCfg = Debug|Win32
		{72BCA814-F6E1-46D5-A950-769B25C27746}.DebugXDIRECT|x86.Build.0 = Debug|Win32
		{72BCA814-F6E1-46D5-A950-769B25C27746}.I_StateManager|ARM.ActiveCfg = Debug|x64
		{72BCA814-F6E1-46D5-A950-769B25C27746}.I_StateManager|ARM.Build.0 = Debug|x64
		{72BCA814-F6E1-46D5-A950-769B25C27746}.I_StateManager|ARM64.ActiveCfg = Debug|x64
		{72BCA814-F6E1-46D5-A950-769B25C27746}.I_StateManager|ARM64.Build.0 = Debug|x64
		{72BCA814-F6E1-46D5-A950-769B25C27746}.I_StateManager|Mixed Platforms.ActiveCfg = Debug|x64
		{72BCA814-F6E1-46D5-A950-769B25C27746}.I_StateManager|Mixed Platforms.Build.0 = Debug|x64
		{72BCA814-F6E1-46D5-A950-769B25C27746}.I_StateManager|Win32.ActiveCfg = Debug|Win32
		{72BCA814-F6E1-46D5-A950-769B25C27746}.I_StateManager|Win32.Build.0 = Debug|Win32
		{72BCA814-F6E1-46D5-A950-769B25C27746}.I_StateManager|x64.ActiveCfg = Debug|x64
		{72BCA814-F6E1-46D5-A950-769B25C27746}.I_StateManager|x64.Build.0 = Debug|x64
		{72BCA814-F6E1-46D5-A950-769B25C27746}.I_StateManager|x86.ActiveCfg = Debug|Win32
		{72BCA814-F6E1-46D5-A950-769B25C27746}.I_StateManager|x86.Build.0 = Debug|Win32
		{72BCA814-F6E1-46D5-A950-769B25C27746}.IEditor|ARM.ActiveCfg = Debug|x64
		{72BCA814-F6E1-46D5-A950-769B25C27746}.IEditor|ARM.Build.0 = Debug|x64
		{72BCA814-F6E1-46D5-A950-769B25C27746}.IEditor|ARM64.ActiveCfg = Debug|x64
		{72BCA814-F6E1-46D5-A950-769B25C27746}.IEditor|ARM64.Build.0 = Debug|x64
		{72BCA814-F6E1-46D5-A950-769B25C27746}.IEditor|Mixed Platforms.ActiveCfg = Debug|x64
		{72BCA814-F6E1-46D5-A950-769B25C27746}.IEditor|Mixed Platforms.Build.0 = Debug|x64
		{72BCA814-F6E1-46D5-A950-769B25C27746}.IEditor|Win32.ActiveCfg = Debug|Win32
		{72BCA814-F6E1-46D5-A950-769B25C27746}.IEditor|Win32.Build.0 = Debug|Win32
		{72BCA814-F6E1-46D5-A950-769B25C27746}.IEditor|x64.ActiveCfg = Debug|x64
		{72BCA814-F6E1-46D5-A950-769B25C27746}.IEditor|x64.Build.0 = Debug|x64
		{72BCA814-F6E1-46D5-A950-769B25C27746}.IEditor|x86.ActiveCfg = Debug|Win32
		{72BCA814-F6E1-46D5-A950-769B25C27746}.IEditor|x86.Build.0 = Debug|Win32
		{72BCA814-F6E1-46D5-A950-769B25C27746}.PnIDServerDbg|ARM.ActiveCfg = Debug|x64
		{72BCA814-F6E1-46D5-A950-769B25C27746}.PnIDServerDbg|ARM.Build.0 = Debug|x64
		{72BCA814-F6E1-46D5-A950-769B25C27746}.PnIDServerDbg|ARM64.ActiveCfg = Debug|x64
		{72BCA814-F6E1-46D5-A950-769B25C27746}.PnIDServerDbg|ARM64.Build.0 = Debug|x64
		{72BCA814-F6E1-46D5-A950-769B25C27746}.PnIDServerDbg|Mixed Platforms.ActiveCfg = Debug|x64
		{72BCA814-F6E1-46D5-A950-769B25C27746}.PnIDServerDbg|Mixed Platforms.Build.0 = Debug|x64
		{72BCA814-F6E1-46D5-A950-769B25C27746}.PnIDServerDbg|Win32.ActiveCfg = Debug|Win32
		{72BCA814-F6E1-46D5-A950-769B25C27746}.PnIDServerDbg|Win32.Build.0 = Debug|Win32
		{72BCA814-F6E1-46D5-A950-769B25C27746}.PnIDServerDbg|x64.ActiveCfg = Debug|x64
		{72BCA814-F6E1-46D5-A950-769B25C27746}.PnIDServerDbg|x64.Build.0 = Debug|x64
		{72BCA814-F6E1-46D5-A950-769B25C27746}.PnIDServerDbg|x86.ActiveCfg = Debug|Win32
		{72BCA814-F6E1-46D5-A950-769B25C27746}.PnIDServerDbg|x86.Build.0 = Debug|Win32
		{72BCA814-F6E1-46D5-A950-769B25C27746}.Release|ARM.ActiveCfg = Release|x64
		{72BCA814-F6E1-46D5-A950-769B25C27746}.Release|ARM.Build.0 = Release|x64
		{72BCA814-F6E1-46D5-A950-769B25C27746}.Release|ARM64.ActiveCfg = Release|x64
		{72BCA814-F6E1-46D5-A950-769B25C27746}.Release|ARM64.Build.0 = Release|x64
		{72BCA814-F6E1-46D5-A950-769B25C27746}.Release|Mixed Platforms.ActiveCfg = Release|x64
		{72BCA814-F6E1-46D5-A950-769B25C27746}.Release|Mixed Platforms.Build.0 = Release|x64
		{72BCA814-F6E1-46D5-A950-769B25C27746}.Release|Win32.ActiveCfg = Release|Win32
		{72BCA814-F6E1-46D5-A950-769B25C27746}.Release|Win32.Build.0 = Release|Win32
		{72BCA814-F6E1-46D5-A950-769B25C27746}.Release|x64.ActiveCfg = Release|x64
		{72BCA814-F6E1-46D5-A950-769B25C27746}.Release|x64.Build.0 = Release|x64
		{72BCA814-F6E1-46D5-A950-769B25C27746}.Release|x86.ActiveCfg = Release|Win32
		{72BCA814-F6E1-46D5-A950-769B25C27746}.Release|x86.Build.0 = Release|Win32
		{72BCA814-F6E1-46D5-A950-769B25C27746}.ReleaseXDIRECTX|ARM.ActiveCfg = Release|x64
		{72BCA814-F6E1-46D5-A950-769B25C27746}.ReleaseXDIRECTX|ARM.Build.0 = Release|x64
		{72BCA814-F6E1-46D5-A950-769B25C27746}.ReleaseXDIRECTX|ARM64.ActiveCfg = Release|x64
		{72BCA814-F6E1-46D5-A950-769B25C27746}.ReleaseXDIRECTX|ARM64.Build.0 = Release|x64
		{72BCA814-F6E1-46D5-A950-769B25C27746}.ReleaseXDIRECTX|Mixed Platforms.ActiveCfg = Release|x64
		{72BCA814-F6E1-46D5-A950-769B25C27746}.ReleaseXDIRECTX|Mixed Platforms.Build.0 = Release|x64
		{72BCA814-F6E1-46D5-A950-769B25C27746}.ReleaseXDIRECTX|Win32.ActiveCfg = Release|Win32
		{72BCA814-F6E1-46D5-A950-769B25C27746}.ReleaseXDIRECTX|Win32.Build.0 = Release|Win32
		{72BCA814-F6E1-46D5-A950-769B25C27746}.ReleaseXDIRECTX|x64.ActiveCfg = Release|x64
		{72BCA814-F6E1-46D5-A950-769B25C27746}.ReleaseXDIRECTX|x64.Build.0 = Release|x64
		{72BCA814-F6E1-46D5-A950-769B25C27746}.ReleaseXDIRECTX|x86.ActiveCfg = Release|Win32
		{72BCA814-F6E1-46D5-A950-769B25C27746}.ReleaseXDIRECTX|x86.Build.0 = Release|Win32
		{376CCA7B-E153-4708-8613-79C1F8E850C2}.China_debug|ARM.ActiveCfg = Debug|x64
		{376CCA7B-E153-4708-8613-79C1F8E850C2}.China_debug|ARM.Build.0 = Debug|x64
		{376CCA7B-E153-4708-8613-79C1F8E850C2}.China_debug|ARM64.ActiveCfg = Debug|x64
		{376CCA7B-E153-4708-8613-79C1F8E850C2}.China_debug|ARM64.Build.0 = Debug|x64
		{376CCA7B-E153-4708-8613-79C1F8E850C2}.China_debug|Mixed Platforms.ActiveCfg = Debug|x64
		{376CCA7B-E153-4708-8613-79C1F8E850C2}.China_debug|Mixed Platforms.Build.0 = Debug|x64
		{376CCA7B-E153-4708-8613-79C1F8E850C2}.China_debug|Win32.ActiveCfg = Debug|Win32
		{376CCA7B-E153-4708-8613-79C1F8E850C2}.China_debug|Win32.Build.0 = Debug|Win32
		{376CCA7B-E153-4708-8613-79C1F8E850C2}.China_debug|x64.ActiveCfg = Debug|x64
		{376CCA7B-E153-4708-8613-79C1F8E850C2}.China_debug|x64.Build.0 = Debug|x64
		{376CCA7B-E153-4708-8613-79C1F8E850C2}.China_debug|x86.ActiveCfg = Debug|Win32
		{376CCA7B-E153-4708-8613-79C1F8E850C2}.China_debug|x86.Build.0 = Debug|Win32
		{376CCA7B-E153-4708-8613-79C1F8E850C2}.DbgInsightArchive|ARM.ActiveCfg = Debug|x64
		{376CCA7B-E153-4708-8613-79C1F8E850C2}.DbgInsightArchive|ARM.Build.0 = Debug|x64
		{376CCA7B-E153-4708-8613-79C1F8E850C2}.DbgInsightArchive|ARM64.ActiveCfg = Debug|x64
		{376CCA7B-E153-4708-8613-79C1F8E850C2}.DbgInsightArchive|ARM64.Build.0 = Debug|x64
		{376CCA7B-E153-4708-8613-79C1F8E850C2}.DbgInsightArchive|Mixed Platforms.ActiveCfg = Debug|x64
		{376CCA7B-E153-4708-8613-79C1F8E850C2}.DbgInsightArchive|Mixed Platforms.Build.0 = Debug|x64
		{376CCA7B-E153-4708-8613-79C1F8E850C2}.DbgInsightArchive|Win32.ActiveCfg = Debug|Win32
		{376CCA7B-E153-4708-8613-79C1F8E850C2}.DbgInsightArchive|Win32.Build.0 = Debug|Win32
		{376CCA7B-E153-4708-8613-79C1F8E850C2}.DbgInsightArchive|x64.ActiveCfg = Debug|x64
		{376CCA7B-E153-4708-8613-79C1F8E850C2}.DbgInsightArchive|x64.Build.0 = Debug|x64
		{376CCA7B-E153-4708-8613-79C1F8E850C2}.DbgInsightArchive|x86.ActiveCfg = Debug|Win32
		{376CCA7B-E153-4708-8613-79C1F8E850C2}.DbgInsightArchive|x86.Build.0 = Debug|Win32
		{376CCA7B-E153-4708-8613-79C1F8E850C2}.Debug|ARM.ActiveCfg = Debug|x64
		{376CCA7B-E153-4708-8613-79C1F8E850C2}.Debug|ARM.Build.0 = Debug|x64
		{376CCA7B-E153-4708-8613-79C1F8E850C2}.Debug|ARM64.ActiveCfg = Debug|x64
		{376CCA7B-E153-4708-8613-79C1F8E850C2}.Debug|ARM64.Build.0 = Debug|x64
		{376CCA7B-E153-4708-8613-79C1F8E850C2}.Debug|Mixed Platforms.ActiveCfg = Debug|x64
		{376CCA7B-E153-4708-8613-79C1F8E850C2}.Debug|Mixed Platforms.Build.0 = Debug|x64
		{376CCA7B-E153-4708-8613-79C1F8E850C2}.Debug|Win32.ActiveCfg = Debug|Win32
		{376CCA7B-E153-4708-8613-79C1F8E850C2}.Debug|Win32.Build.0 = Debug|Win32
		{376CCA7B-E153-4708-8613-79C1F8E850C2}.Debug|x64.ActiveCfg = Debug|x64
		{376CCA7B-E153-4708-8613-79C1F8E850C2}.Debug|x64.Build.0 = Debug|x64
		{376CCA7B-E153-4708-8613-79C1F8E850C2}.Debug|x86.ActiveCfg = Debug|Win32
		{376CCA7B-E153-4708-8613-79C1F8E850C2}.Debug|x86.Build.0 = Debug|Win32
		{376CCA7B-E153-4708-8613-79C1F8E850C2}.DebugCPS|ARM.ActiveCfg = Debug|x64
		{376CCA7B-E153-4708-8613-79C1F8E850C2}.DebugCPS|ARM.Build.0 = Debug|x64
		{376CCA7B-E153-4708-8613-79C1F8E850C2}.DebugCPS|ARM64.ActiveCfg = Debug|x64
		{376CCA7B-E153-4708-8613-79C1F8E850C2}.DebugCPS|ARM64.Build.0 = Debug|x64
		{376CCA7B-E153-4708-8613-79C1F8E850C2}.DebugCPS|Mixed Platforms.ActiveCfg = Debug|x64
		{376CCA7B-E153-4708-8613-79C1F8E850C2}.DebugCPS|Mixed Platforms.Build.0 = Debug|x64
		{376CCA7B-E153-4708-8613-79C1F8E850C2}.DebugCPS|Win32.ActiveCfg = Debug|Win32
		{376CCA7B-E153-4708-8613-79C1F8E850C2}.DebugCPS|Win32.Build.0 = Debug|Win32
		{376CCA7B-E153-4708-8613-79C1F8E850C2}.DebugCPS|x64.ActiveCfg = Debug|x64
		{376CCA7B-E153-4708-8613-79C1F8E850C2}.DebugCPS|x64.Build.0 = Debug|x64
		{376CCA7B-E153-4708-8613-79C1F8E850C2}.DebugCPS|x86.ActiveCfg = Debug|Win32
		{376CCA7B-E153-4708-8613-79C1F8E850C2}.DebugCPS|x86.Build.0 = Debug|Win32
		{376CCA7B-E153-4708-8613-79C1F8E850C2}.DebugCvt|ARM.ActiveCfg = Debug|x64
		{376CCA7B-E153-4708-8613-79C1F8E850C2}.DebugCvt|ARM.Build.0 = Debug|x64
		{376CCA7B-E153-4708-8613-79C1F8E850C2}.DebugCvt|ARM64.ActiveCfg = Debug|x64
		{376CCA7B-E153-4708-8613-79C1F8E850C2}.DebugCvt|ARM64.Build.0 = Debug|x64
		{376CCA7B-E153-4708-8613-79C1F8E850C2}.DebugCvt|Mixed Platforms.ActiveCfg = Debug|x64
		{376CCA7B-E153-4708-8613-79C1F8E850C2}.DebugCvt|Mixed Platforms.Build.0 = Debug|x64
		{376CCA7B-E153-4708-8613-79C1F8E850C2}.DebugCvt|Win32.ActiveCfg = Debug|Win32
		{376CCA7B-E153-4708-8613-79C1F8E850C2}.DebugCvt|Win32.Build.0 = Debug|Win32
		{376CCA7B-E153-4708-8613-79C1F8E850C2}.DebugCvt|x64.ActiveCfg = Debug|x64
		{376CCA7B-E153-4708-8613-79C1F8E850C2}.DebugCvt|x64.Build.0 = Debug|x64
		{376CCA7B-E153-4708-8613-79C1F8E850C2}.DebugCvt|x86.ActiveCfg = Debug|Win32
		{376CCA7B-E153-4708-8613-79C1F8E850C2}.DebugCvt|x86.Build.0 = Debug|Win32
		{376CCA7B-E153-4708-8613-79C1F8E850C2}.DebugVS|ARM.ActiveCfg = Debug|x64
		{376CCA7B-E153-4708-8613-79C1F8E850C2}.DebugVS|ARM.Build.0 = Debug|x64
		{376CCA7B-E153-4708-8613-79C1F8E850C2}.DebugVS|ARM64.ActiveCfg = Debug|x64
		{376CCA7B-E153-4708-8613-79C1F8E850C2}.DebugVS|ARM64.Build.0 = Debug|x64
		{376CCA7B-E153-4708-8613-79C1F8E850C2}.DebugVS|Mixed Platforms.ActiveCfg = Debug|x64
		{376CCA7B-E153-4708-8613-79C1F8E850C2}.DebugVS|Mixed Platforms.Build.0 = Debug|x64
		{376CCA7B-E153-4708-8613-79C1F8E850C2}.DebugVS|Win32.ActiveCfg = Debug|Win32
		{376CCA7B-E153-4708-8613-79C1F8E850C2}.DebugVS|Win32.Build.0 = Debug|Win32
		{376CCA7B-E153-4708-8613-79C1F8E850C2}.DebugVS|x64.ActiveCfg = Debug|x64
		{376CCA7B-E153-4708-8613-79C1F8E850C2}.DebugVS|x64.Build.0 = Debug|x64
		{376CCA7B-E153-4708-8613-79C1F8E850C2}.DebugVS|x86.ActiveCfg = Debug|Win32
		{376CCA7B-E153-4708-8613-79C1F8E850C2}.DebugVS|x86.Build.0 = Debug|Win32
		{376CCA7B-E153-4708-8613-79C1F8E850C2}.DebugXDIRECT|ARM.ActiveCfg = Debug|x64
		{376CCA7B-E153-4708-8613-79C1F8E850C2}.DebugXDIRECT|ARM.Build.0 = Debug|x64
		{376CCA7B-E153-4708-8613-79C1F8E850C2}.DebugXDIRECT|ARM64.ActiveCfg = Debug|x64
		{376CCA7B-E153-4708-8613-79C1F8E850C2}.DebugXDIRECT|ARM64.Build.0 = Debug|x64
		{376CCA7B-E153-4708-8613-79C1F8E850C2}.DebugXDIRECT|Mixed Platforms.ActiveCfg = Debug|x64
		{376CCA7B-E153-4708-8613-79C1F8E850C2}.DebugXDIRECT|Mixed Platforms.Build.0 = Debug|x64
		{376CCA7B-E153-4708-8613-79C1F8E850C2}.DebugXDIRECT|Win32.ActiveCfg = Debug|Win32
		{376CCA7B-E153-4708-8613-79C1F8E850C2}.DebugXDIRECT|Win32.Build.0 = Debug|Win32
		{376CCA7B-E153-4708-8613-79C1F8E850C2}.DebugXDIRECT|x64.ActiveCfg = Debug|x64
		{376CCA7B-E153-4708-8613-79C1F8E850C2}.DebugXDIRECT|x64.Build.0 = Debug|x64
		{376CCA7B-E153-4708-8613-79C1F8E850C2}.DebugXDIRECT|x86.ActiveCfg = Debug|Win32
		{376CCA7B-E153-4708-8613-79C1F8E850C2}.DebugXDIRECT|x86.Build.0 = Debug|Win32
		{376CCA7B-E153-4708-8613-79C1F8E850C2}.I_StateManager|ARM.ActiveCfg = Debug|x64
		{376CCA7B-E153-4708-8613-79C1F8E850C2}.I_StateManager|ARM.Build.0 = Debug|x64
		{376CCA7B-E153-4708-8613-79C1F8E850C2}.I_StateManager|ARM64.ActiveCfg = Debug|x64
		{376CCA7B-E153-4708-8613-79C1F8E850C2}.I_StateManager|ARM64.Build.0 = Debug|x64
		{376CCA7B-E153-4708-8613-79C1F8E850C2}.I_StateManager|Mixed Platforms.ActiveCfg = Debug|x64
		{376CCA7B-E153-4708-8613-79C1F8E850C2}.I_StateManager|Mixed Platforms.Build.0 = Debug|x64
		{376CCA7B-E153-4708-8613-79C1F8E850C2}.I_StateManager|Win32.ActiveCfg = Debug|Win32
		{376CCA7B-E153-4708-8613-79C1F8E850C2}.I_StateManager|Win32.Build.0 = Debug|Win32
		{376CCA7B-E153-4708-8613-79C1F8E850C2}.I_StateManager|x64.ActiveCfg = Debug|x64
		{376CCA7B-E153-4708-8613-79C1F8E850C2}.I_StateManager|x64.Build.0 = Debug|x64
		{376CCA7B-E153-4708-8613-79C1F8E850C2}.I_StateManager|x86.ActiveCfg = Debug|Win32
		{376CCA7B-E153-4708-8613-79C1F8E850C2}.I_StateManager|x86.Build.0 = Debug|Win32
		{376CCA7B-E153-4708-8613-79C1F8E850C2}.IEditor|ARM.ActiveCfg = Debug|x64
		{376CCA7B-E153-4708-8613-79C1F8E850C2}.IEditor|ARM.Build.0 = Debug|x64
		{376CCA7B-E153-4708-8613-79C1F8E850C2}.IEditor|ARM64.ActiveCfg = Debug|x64
		{376CCA7B-E153-4708-8613-79C1F8E850C2}.IEditor|ARM64.Build.0 = Debug|x64
		{376CCA7B-E153-4708-8613-79C1F8E850C2}.IEditor|Mixed Platforms.ActiveCfg = Debug|x64
		{376CCA7B-E153-4708-8613-79C1F8E850C2}.IEditor|Mixed Platforms.Build.0 = Debug|x64
		{376CCA7B-E153-4708-8613-79C1F8E850C2}.IEditor|Win32.ActiveCfg = Debug|Win32
		{376CCA7B-E153-4708-8613-79C1F8E850C2}.IEditor|Win32.Build.0 = Debug|Win32
		{376CCA7B-E153-4708-8613-79C1F8E850C2}.IEditor|x64.ActiveCfg = Debug|x64
		{376CCA7B-E153-4708-8613-79C1F8E850C2}.IEditor|x64.Build.0 = Debug|x64
		{376CCA7B-E153-4708-8613-79C1F8E850C2}.IEditor|x86.ActiveCfg = Debug|Win32
		{376CCA7B-E153-4708-8613-79C1F8E850C2}.IEditor|x86.Build.0 = Debug|Win32
		{376CCA7B-E153-4708-8613-79C1F8E850C2}.PnIDServerDbg|ARM.ActiveCfg = Debug|x64
		{376CCA7B-E153-4708-8613-79C1F8E850C2}.PnIDServerDbg|ARM.Build.0 = Debug|x64
		{376CCA7B-E153-4708-8613-79C1F8E850C2}.PnIDServerDbg|ARM64.ActiveCfg = Debug|x64
		{376CCA7B-E153-4708-8613-79C1F8E850C2}.PnIDServerDbg|ARM64.Build.0 = Debug|x64
		{376CCA7B-E153-4708-8613-79C1F8E850C2}.PnIDServerDbg|Mixed Platforms.ActiveCfg = Debug|x64
		{376CCA7B-E153-4708-8613-79C1F8E850C2}.PnIDServerDbg|Mixed Platforms.Build.0 = Debug|x64
		{376CCA7B-E153-4708-8613-79C1F8E850C2}.PnIDServerDbg|Win32.ActiveCfg = Debug|Win32
		{376CCA7B-E153-4708-8613-79C1F8E850C2}.PnIDServerDbg|Win32.Build.0 = Debug|Win32
		{376CCA7B-E153-4708-8613-79C1F8E850C2}.PnIDServerDbg|x64.ActiveCfg = Debug|x64
		{376CCA7B-E153-4708-8613-79C1F8E850C2}.PnIDServerDbg|x64.Build.0 = Debug|x64
		{376CCA7B-E153-4708-8613-79C1F8E850C2}.PnIDServerDbg|x86.ActiveCfg = Debug|Win32
		{376CCA7B-E153-4708-8613-79C1F8E850C2}.PnIDServerDbg|x86.Build.0 = Debug|Win32
		{376CCA7B-E153-4708-8613-79C1F8E850C2}.Release|ARM.ActiveCfg = Release|x64
		{376CCA7B-E153-4708-8613-79C1F8E850C2}.Release|ARM.Build.0 = Release|x64
		{376CCA7B-E153-4708-8613-79C1F8E850C2}.Release|ARM64.ActiveCfg = Release|x64
		{376CCA7B-E153-4708-8613-79C1F8E850C2}.Release|ARM64.Build.0 = Release|x64
		{376CCA7B-E153-4708-8613-79C1F8E850C2}.Release|Mixed Platforms.ActiveCfg = Release|x64
		{376CCA7B-E153-4708-8613-79C1F8E850C2}.Release|Mixed Platforms.Build.0 = Release|x64
		{376CCA7B-E153-4708-8613-79C1F8E850C2}.Release|Win32.ActiveCfg = Release|Win32
		{376CCA7B-E153-4708-8613-79C1F8E850C2}.Release|Win32.Build.0 = Release|Win32
		{376CCA7B-E153-4708-8613-79C1F8E850C2}.Release|x64.ActiveCfg = Release|x64
		{376CCA7B-E153-4708-8613-79C1F8E850C2}.Release|x64.Build.0 = Release|x64
		{376CCA7B-E153-4708-8613-79C1F8E850C2}.Release|x86.ActiveCfg = Release|Win32
		{376CCA7B-E153-4708-8613-79C1F8E850C2}.Release|x86.Build.0 = Release|Win32
		{376CCA7B-E153-4708-8613-79C1F8E850C2}.ReleaseXDIRECTX|ARM.ActiveCfg = Release|x64
		{376CCA7B-E153-4708-8613-79C1F8E850C2}.ReleaseXDIRECTX|ARM.Build.0 = Release|x64
		{376CCA7B-E153-4708-8613-79C1F8E850C2}.ReleaseXDIRECTX|ARM64.ActiveCfg = Release|x64
		{376CCA7B-E153-4708-8613-79C1F8E850C2}.ReleaseXDIRECTX|ARM64.Build.0 = Release|x64
		{376CCA7B-E153-4708-8613-79C1F8E850C2}.ReleaseXDIRECTX|Mixed Platforms.ActiveCfg = Release|x64
		{376CCA7B-E153-4708-8613-79C1F8E850C2}.ReleaseXDIRECTX|Mixed Platforms.Build.0 = Release|x64
		{376CCA7B-E153-4708-8613-79C1F8E850C2}.ReleaseXDIRECTX|Win32.ActiveCfg = Release|Win32
		{376CCA7B-E153-4708-8613-79C1F8E850C2}.ReleaseXDIRECTX|Win32.Build.0 = Release|Win32
		{376CCA7B-E153-4708-8613-79C1F8E850C2}.ReleaseXDIRECTX|x64.ActiveCfg = Release|x64
		{376CCA7B-E153-4708-8613-79C1F8E850C2}.ReleaseXDIRECTX|x64.Build.0 = Release|x64
		{376CCA7B-E153-4708-8613-79C1F8E850C2}.ReleaseXDIRECTX|x86.ActiveCfg = Release|Win32
		{376CCA7B-E153-4708-8613-79C1F8E850C2}.ReleaseXDIRECTX|x86.Build.0 = Release|Win32
		{0ADC4BFC-7797-4D71-948D-D05308434A4C}.China_debug|ARM.ActiveCfg = Debug|x64
		{0ADC4BFC-7797-4D71-948D-D05308434A4C}.China_debug|ARM.Build.0 = Debug|x64
		{0ADC4BFC-7797-4D71-948D-D05308434A4C}.China_debug|ARM64.ActiveCfg = Debug|x64
		{0ADC4BFC-7797-4D71-948D-D05308434A4C}.China_debug|ARM64.Build.0 = Debug|x64
		{0ADC4BFC-7797-4D71-948D-D05308434A4C}.China_debug|Mixed Platforms.ActiveCfg = Debug|x64
		{0ADC4BFC-7797-4D71-948D-D05308434A4C}.China_debug|Mixed Platforms.Build.0 = Debug|x64
		{0ADC4BFC-7797-4D71-948D-D05308434A4C}.China_debug|Win32.ActiveCfg = Debug|Win32
		{0ADC4BFC-7797-4D71-948D-D05308434A4C}.China_debug|Win32.Build.0 = Debug|Win32
		{0ADC4BFC-7797-4D71-948D-D05308434A4C}.China_debug|x64.ActiveCfg = Debug|x64
		{0ADC4BFC-7797-4D71-948D-D05308434A4C}.China_debug|x64.Build.0 = Debug|x64
		{0ADC4BFC-7797-4D71-948D-D05308434A4C}.China_debug|x86.ActiveCfg = Debug|Win32
		{0ADC4BFC-7797-4D71-948D-D05308434A4C}.China_debug|x86.Build.0 = Debug|Win32
		{0ADC4BFC-7797-4D71-948D-D05308434A4C}.DbgInsightArchive|ARM.ActiveCfg = Debug|x64
		{0ADC4BFC-7797-4D71-948D-D05308434A4C}.DbgInsightArchive|ARM.Build.0 = Debug|x64
		{0ADC4BFC-7797-4D71-948D-D05308434A4C}.DbgInsightArchive|ARM64.ActiveCfg = Debug|x64
		{0ADC4BFC-7797-4D71-948D-D05308434A4C}.DbgInsightArchive|ARM64.Build.0 = Debug|x64
		{0ADC4BFC-7797-4D71-948D-D05308434A4C}.DbgInsightArchive|Mixed Platforms.ActiveCfg = Debug|x64
		{0ADC4BFC-7797-4D71-948D-D05308434A4C}.DbgInsightArchive|Mixed Platforms.Build.0 = Debug|x64
		{0ADC4BFC-7797-4D71-948D-D05308434A4C}.DbgInsightArchive|Win32.ActiveCfg = Debug|Win32
		{0ADC4BFC-7797-4D71-948D-D05308434A4C}.DbgInsightArchive|Win32.Build.0 = Debug|Win32
		{0ADC4BFC-7797-4D71-948D-D05308434A4C}.DbgInsightArchive|x64.ActiveCfg = Debug|x64
		{0ADC4BFC-7797-4D71-948D-D05308434A4C}.DbgInsightArchive|x64.Build.0 = Debug|x64
		{0ADC4BFC-7797-4D71-948D-D05308434A4C}.DbgInsightArchive|x86.ActiveCfg = Debug|Win32
		{0ADC4BFC-7797-4D71-948D-D05308434A4C}.DbgInsightArchive|x86.Build.0 = Debug|Win32
		{0ADC4BFC-7797-4D71-948D-D05308434A4C}.Debug|ARM.ActiveCfg = Debug|x64
		{0ADC4BFC-7797-4D71-948D-D05308434A4C}.Debug|ARM.Build.0 = Debug|x64
		{0ADC4BFC-7797-4D71-948D-D05308434A4C}.Debug|ARM64.ActiveCfg = Debug|x64
		{0ADC4BFC-7797-4D71-948D-D05308434A4C}.Debug|ARM64.Build.0 = Debug|x64
		{0ADC4BFC-7797-4D71-948D-D05308434A4C}.Debug|Mixed Platforms.ActiveCfg = Debug|x64
		{0ADC4BFC-7797-4D71-948D-D05308434A4C}.Debug|Mixed Platforms.Build.0 = Debug|x64
		{0ADC4BFC-7797-4D71-948D-D05308434A4C}.Debug|Win32.ActiveCfg = Debug|Win32
		{0ADC4BFC-7797-4D71-948D-D05308434A4C}.Debug|Win32.Build.0 = Debug|Win32
		{0ADC4BFC-7797-4D71-948D-D05308434A4C}.Debug|x64.ActiveCfg = Debug|x64
		{0ADC4BFC-7797-4D71-948D-D05308434A4C}.Debug|x64.Build.0 = Debug|x64
		{0ADC4BFC-7797-4D71-948D-D05308434A4C}.Debug|x86.ActiveCfg = Debug|Win32
		{0ADC4BFC-7797-4D71-948D-D05308434A4C}.Debug|x86.Build.0 = Debug|Win32
		{0ADC4BFC-7797-4D71-948D-D05308434A4C}.DebugCPS|ARM.ActiveCfg = Debug|x64
		{0ADC4BFC-7797-4D71-948D-D05308434A4C}.DebugCPS|ARM.Build.0 = Debug|x64
		{0ADC4BFC-7797-4D71-948D-D05308434A4C}.DebugCPS|ARM64.ActiveCfg = Debug|x64
		{0ADC4BFC-7797-4D71-948D-D05308434A4C}.DebugCPS|ARM64.Build.0 = Debug|x64
		{0ADC4BFC-7797-4D71-948D-D05308434A4C}.DebugCPS|Mixed Platforms.ActiveCfg = Debug|x64
		{0ADC4BFC-7797-4D71-948D-D05308434A4C}.DebugCPS|Mixed Platforms.Build.0 = Debug|x64
		{0ADC4BFC-7797-4D71-948D-D05308434A4C}.DebugCPS|Win32.ActiveCfg = Debug|Win32
		{0ADC4BFC-7797-4D71-948D-D05308434A4C}.DebugCPS|Win32.Build.0 = Debug|Win32
		{0ADC4BFC-7797-4D71-948D-D05308434A4C}.DebugCPS|x64.ActiveCfg = Debug|x64
		{0ADC4BFC-7797-4D71-948D-D05308434A4C}.DebugCPS|x64.Build.0 = Debug|x64
		{0ADC4BFC-7797-4D71-948D-D05308434A4C}.DebugCPS|x86.ActiveCfg = Debug|Win32
		{0ADC4BFC-7797-4D71-948D-D05308434A4C}.DebugCPS|x86.Build.0 = Debug|Win32
		{0ADC4BFC-7797-4D71-948D-D05308434A4C}.DebugCvt|ARM.ActiveCfg = Debug|x64
		{0ADC4BFC-7797-4D71-948D-D05308434A4C}.DebugCvt|ARM.Build.0 = Debug|x64
		{0ADC4BFC-7797-4D71-948D-D05308434A4C}.DebugCvt|ARM64.ActiveCfg = Debug|x64
		{0ADC4BFC-7797-4D71-948D-D05308434A4C}.DebugCvt|ARM64.Build.0 = Debug|x64
		{0ADC4BFC-7797-4D71-948D-D05308434A4C}.DebugCvt|Mixed Platforms.ActiveCfg = Debug|x64
		{0ADC4BFC-7797-4D71-948D-D05308434A4C}.DebugCvt|Mixed Platforms.Build.0 = Debug|x64
		{0ADC4BFC-7797-4D71-948D-D05308434A4C}.DebugCvt|Win32.ActiveCfg = Debug|Win32
		{0ADC4BFC-7797-4D71-948D-D05308434A4C}.DebugCvt|Win32.Build.0 = Debug|Win32
		{0ADC4BFC-7797-4D71-948D-D05308434A4C}.DebugCvt|x64.ActiveCfg = Debug|x64
		{0ADC4BFC-7797-4D71-948D-D05308434A4C}.DebugCvt|x64.Build.0 = Debug|x64
		{0ADC4BFC-7797-4D71-948D-D05308434A4C}.DebugCvt|x86.ActiveCfg = Debug|Win32
		{0ADC4BFC-7797-4D71-948D-D05308434A4C}.DebugCvt|x86.Build.0 = Debug|Win32
		{0ADC4BFC-7797-4D71-948D-D05308434A4C}.DebugVS|ARM.ActiveCfg = Debug|x64
		{0ADC4BFC-7797-4D71-948D-D05308434A4C}.DebugVS|ARM.Build.0 = Debug|x64
		{0ADC4BFC-7797-4D71-948D-D05308434A4C}.DebugVS|ARM64.ActiveCfg = Debug|x64
		{0ADC4BFC-7797-4D71-948D-D05308434A4C}.DebugVS|ARM64.Build.0 = Debug|x64
		{0ADC4BFC-7797-4D71-948D-D05308434A4C}.DebugVS|Mixed Platforms.ActiveCfg = Debug|x64
		{0ADC4BFC-7797-4D71-948D-D05308434A4C}.DebugVS|Mixed Platforms.Build.0 = Debug|x64
		{0ADC4BFC-7797-4D71-948D-D05308434A4C}.DebugVS|Win32.ActiveCfg = Debug|Win32
		{0ADC4BFC-7797-4D71-948D-D05308434A4C}.DebugVS|Win32.Build.0 = Debug|Win32
		{0ADC4BFC-7797-4D71-948D-D05308434A4C}.DebugVS|x64.ActiveCfg = Debug|x64
		{0ADC4BFC-7797-4D71-948D-D05308434A4C}.DebugVS|x64.Build.0 = Debug|x64
		{0ADC4BFC-7797-4D71-948D-D05308434A4C}.DebugVS|x86.ActiveCfg = Debug|Win32
		{0ADC4BFC-7797-4D71-948D-D05308434A4C}.DebugVS|x86.Build.0 = Debug|Win32
		{0ADC4BFC-7797-4D71-948D-D05308434A4C}.DebugXDIRECT|ARM.ActiveCfg = Debug|x64
		{0ADC4BFC-7797-4D71-948D-D05308434A4C}.DebugXDIRECT|ARM.Build.0 = Debug|x64
		{0ADC4BFC-7797-4D71-948D-D05308434A4C}.DebugXDIRECT|ARM64.ActiveCfg = Debug|x64
		{0ADC4BFC-7797-4D71-948D-D05308434A4C}.DebugXDIRECT|ARM64.Build.0 = Debug|x64
		{0ADC4BFC-7797-4D71-948D-D05308434A4C}.DebugXDIRECT|Mixed Platforms.ActiveCfg = Debug|x64
		{0ADC4BFC-7797-4D71-948D-D05308434A4C}.DebugXDIRECT|Mixed Platforms.Build.0 = Debug|x64
		{0ADC4BFC-7797-4D71-948D-D05308434A4C}.DebugXDIRECT|Win32.ActiveCfg = Debug|Win32
		{0ADC4BFC-7797-4D71-948D-D05308434A4C}.DebugXDIRECT|Win32.Build.0 = Debug|Win32
		{0ADC4BFC-7797-4D71-948D-D05308434A4C}.DebugXDIRECT|x64.ActiveCfg = Debug|x64
		{0ADC4BFC-7797-4D71-948D-D05308434A4C}.DebugXDIRECT|x64.Build.0 = Debug|x64
		{0ADC4BFC-7797-4D71-948D-D05308434A4C}.DebugXDIRECT|x86.ActiveCfg = Debug|Win32
		{0ADC4BFC-7797-4D71-948D-D05308434A4C}.DebugXDIRECT|x86.Build.0 = Debug|Win32
		{0ADC4BFC-7797-4D71-948D-D05308434A4C}.I_StateManager|ARM.ActiveCfg = Debug|x64
		{0ADC4BFC-7797-4D71-948D-D05308434A4C}.I_StateManager|ARM.Build.0 = Debug|x64
		{0ADC4BFC-7797-4D71-948D-D05308434A4C}.I_StateManager|ARM64.ActiveCfg = Debug|x64
		{0ADC4BFC-7797-4D71-948D-D05308434A4C}.I_StateManager|ARM64.Build.0 = Debug|x64
		{0ADC4BFC-7797-4D71-948D-D05308434A4C}.I_StateManager|Mixed Platforms.ActiveCfg = Debug|x64
		{0ADC4BFC-7797-4D71-948D-D05308434A4C}.I_StateManager|Mixed Platforms.Build.0 = Debug|x64
		{0ADC4BFC-7797-4D71-948D-D05308434A4C}.I_StateManager|Win32.ActiveCfg = Debug|Win32
		{0ADC4BFC-7797-4D71-948D-D05308434A4C}.I_StateManager|Win32.Build.0 = Debug|Win32
		{0ADC4BFC-7797-4D71-948D-D05308434A4C}.I_StateManager|x64.ActiveCfg = Debug|x64
		{0ADC4BFC-7797-4D71-948D-D05308434A4C}.I_StateManager|x64.Build.0 = Debug|x64
		{0ADC4BFC-7797-4D71-948D-D05308434A4C}.I_StateManager|x86.ActiveCfg = Debug|Win32
		{0ADC4BFC-7797-4D71-948D-D05308434A4C}.I_StateManager|x86.Build.0 = Debug|Win32
		{0ADC4BFC-7797-4D71-948D-D05308434A4C}.IEditor|ARM.ActiveCfg = Debug|x64
		{0ADC4BFC-7797-4D71-948D-D05308434A4C}.IEditor|ARM.Build.0 = Debug|x64
		{0ADC4BFC-7797-4D71-948D-D05308434A4C}.IEditor|ARM64.ActiveCfg = Debug|x64
		{0ADC4BFC-7797-4D71-948D-D05308434A4C}.IEditor|ARM64.Build.0 = Debug|x64
		{0ADC4BFC-7797-4D71-948D-D05308434A4C}.IEditor|Mixed Platforms.ActiveCfg = Debug|x64
		{0ADC4BFC-7797-4D71-948D-D05308434A4C}.IEditor|Mixed Platforms.Build.0 = Debug|x64
		{0ADC4BFC-7797-4D71-948D-D05308434A4C}.IEditor|Win32.ActiveCfg = Debug|Win32
		{0ADC4BFC-7797-4D71-948D-D05308434A4C}.IEditor|Win32.Build.0 = Debug|Win32
		{0ADC4BFC-7797-4D71-948D-D05308434A4C}.IEditor|x64.ActiveCfg = Debug|x64
		{0ADC4BFC-7797-4D71-948D-D05308434A4C}.IEditor|x64.Build.0 = Debug|x64
		{0ADC4BFC-7797-4D71-948D-D05308434A4C}.IEditor|x86.ActiveCfg = Debug|Win32
		{0ADC4BFC-7797-4D71-948D-D05308434A4C}.IEditor|x86.Build.0 = Debug|Win32
		{0ADC4BFC-7797-4D71-948D-D05308434A4C}.PnIDServerDbg|ARM.ActiveCfg = Debug|x64
		{0ADC4BFC-7797-4D71-948D-D05308434A4C}.PnIDServerDbg|ARM.Build.0 = Debug|x64
		{0ADC4BFC-7797-4D71-948D-D05308434A4C}.PnIDServerDbg|ARM64.ActiveCfg = Debug|x64
		{0ADC4BFC-7797-4D71-948D-D05308434A4C}.PnIDServerDbg|ARM64.Build.0 = Debug|x64
		{0ADC4BFC-7797-4D71-948D-D05308434A4C}.PnIDServerDbg|Mixed Platforms.ActiveCfg = Debug|x64
		{0ADC4BFC-7797-4D71-948D-D05308434A4C}.PnIDServerDbg|Mixed Platforms.Build.0 = Debug|x64
		{0ADC4BFC-7797-4D71-948D-D05308434A4C}.PnIDServerDbg|Win32.ActiveCfg = Debug|Win32
		{0ADC4BFC-7797-4D71-948D-D05308434A4C}.PnIDServerDbg|Win32.Build.0 = Debug|Win32
		{0ADC4BFC-7797-4D71-948D-D05308434A4C}.PnIDServerDbg|x64.ActiveCfg = Debug|x64
		{0ADC4BFC-7797-4D71-948D-D05308434A4C}.PnIDServerDbg|x64.Build.0 = Debug|x64
		{0ADC4BFC-7797-4D71-948D-D05308434A4C}.PnIDServerDbg|x86.ActiveCfg = Debug|Win32
		{0ADC4BFC-7797-4D71-948D-D05308434A4C}.PnIDServerDbg|x86.Build.0 = Debug|Win32
		{0ADC4BFC-7797-4D71-948D-D05308434A4C}.Release|ARM.ActiveCfg = Release|x64
		{0ADC4BFC-7797-4D71-948D-D05308434A4C}.Release|ARM.Build.0 = Release|x64
		{0ADC4BFC-7797-4D71-948D-D05308434A4C}.Release|ARM64.ActiveCfg = Release|x64
		{0ADC4BFC-7797-4D71-948D-D05308434A4C}.Release|ARM64.Build.0 = Release|x64
		{0ADC4BFC-7797-4D71-948D-D05308434A4C}.Release|Mixed Platforms.ActiveCfg = Release|x64
		{0ADC4BFC-7797-4D71-948D-D05308434A4C}.Release|Mixed Platforms.Build.0 = Release|x64
		{0ADC4BFC-7797-4D71-948D-D05308434A4C}.Release|Win32.ActiveCfg = Release|Win32
		{0ADC4BFC-7797-4D71-948D-D05308434A4C}.Release|Win32.Build.0 = Release|Win32
		{0ADC4BFC-7797-4D71-948D-D05308434A4C}.Release|x64.ActiveCfg = Release|x64
		{0ADC4BFC-7797-4D71-948D-D05308434A4C}.Release|x64.Build.0 = Release|x64
		{0ADC4BFC-7797-4D71-948D-D05308434A4C}.Release|x86.ActiveCfg = Release|Win32
		{0ADC4BFC-7797-4D71-948D-D05308434A4C}.Release|x86.Build.0 = Release|Win32
		{0ADC4BFC-7797-4D71-948D-D05308434A4C}.ReleaseXDIRECTX|ARM.ActiveCfg = Release|x64
		{0ADC4BFC-7797-4D71-948D-D05308434A4C}.ReleaseXDIRECTX|ARM.Build.0 = Release|x64
		{0ADC4BFC-7797-4D71-948D-D05308434A4C}.ReleaseXDIRECTX|ARM64.ActiveCfg = Release|x64
		{0ADC4BFC-7797-4D71-948D-D05308434A4C}.ReleaseXDIRECTX|ARM64.Build.0 = Release|x64
		{0ADC4BFC-7797-4D71-948D-D05308434A4C}.ReleaseXDIRECTX|Mixed Platforms.ActiveCfg = Release|x64
		{0ADC4BFC-7797-4D71-948D-D05308434A4C}.ReleaseXDIRECTX|Mixed Platforms.Build.0 = Release|x64
		{0ADC4BFC-7797-4D71-948D-D05308434A4C}.ReleaseXDIRECTX|Win32.ActiveCfg = Release|Win32
		{0ADC4BFC-7797-4D71-948D-D05308434A4C}.ReleaseXDIRECTX|Win32.Build.0 = Release|Win32
		{0ADC4BFC-7797-4D71-948D-D05308434A4C}.ReleaseXDIRECTX|x64.ActiveCfg = Release|x64
		{0ADC4BFC-7797-4D71-948D-D05308434A4C}.ReleaseXDIRECTX|x64.Build.0 = Release|x64
		{0ADC4BFC-7797-4D71-948D-D05308434A4C}.ReleaseXDIRECTX|x86.ActiveCfg = Release|Win32
		{0ADC4BFC-7797-4D71-948D-D05308434A4C}.ReleaseXDIRECTX|x86.Build.0 = Release|Win32
	EndGlobalSection
	GlobalSection(SolutionProperties) = preSolution
		HideSolutionNode = FALSE
	EndGlobalSection
	GlobalSection(ExtensibilityGlobals) = postSolution
		SolutionGuid = {BCB0498A-1B92-4DA4-88E4-2C7A2DEDA34C}
	EndGlobalSection
EndGlobal
