
Microsoft Visual Studio Solution File, Format Version 12.00
# Visual Studio Version 17
VisualStudioVersion = 17.0.31912.275
MinimumVisualStudioVersion = 10.0.40219.1
Project("{8BC9CEB8-8B4A-11D0-8D11-00A0C91BC942}") = "PtBase", "PtBase\PtBase.vcxproj", "{9C4C682A-81BC-4937-9501-11E6D1953897}"
EndProject
Project("{8BC9CEB8-8B4A-11D0-8D11-00A0C91BC942}") = "ApStateSystem", "ApStateSystem\ApStateSystem.vcxproj", "{6E0F1A8B-3033-4FAD-99A5-C37C8CA44AEF}"
EndProject
Project("{8BC9CEB8-8B4A-11D0-8D11-00A0C91BC942}") = "stConsole", "stConsole\stConsole.vcxproj", "{64E51EAD-C5BD-423E-8806-E8FFDE8C27C7}"
EndProject
Project("{8BC9CEB8-8B4A-11D0-8D11-00A0C91BC942}") = "StatePython", "StatePython\StatePython.vcxproj", "{844FC92F-550C-4236-A0BC-12BA4E777280}"
EndProject
Project("{8BC9CEB8-8B4A-11D0-8D11-00A0C91BC942}") = "ConsoleUnityTest", "ConsoleUnityTest\ConsoleUnityTest.vcxproj", "{72BCA814-F6E1-46D5-A950-769B25C27746}"
EndProject
Project("{8BC9CEB8-8B4A-11D0-8D11-00A0C91BC942}") = "testconsole", "testconsole\testconsole.vcxproj", "{376CCA7B-E153-4708-8613-79C1F8E850C2}"
EndProject
Global
	GlobalSection(SolutionConfigurationPlatforms) = preSolution
		Debug|ARM = Debug|ARM
		Debug|ARM64 = Debug|ARM64
		Debug|Mixed Platforms = Debug|Mixed Platforms
		Debug|Win32 = Debug|Win32
		Debug|x64 = Debug|x64
		Debug|x86 = Debug|x86
		Release|ARM = Release|ARM
		Release|ARM64 = Release|ARM64
		Release|Mixed Platforms = Release|Mixed Platforms
		Release|Win32 = Release|Win32
		Release|x64 = Release|x64
		Release|x86 = Release|x86
		VSDebug|ARM = VSDebug|ARM
		VSDebug|ARM64 = VSDebug|ARM64
		VSDebug|Mixed Platforms = VSDebug|Mixed Platforms
		VSDebug|Win32 = VSDebug|Win32
		VSDebug|x64 = VSDebug|x64
		VSDebug|x86 = VSDebug|x86
		VSRelease|ARM = VSRelease|ARM
		VSRelease|ARM64 = VSRelease|ARM64
		VSRelease|Mixed Platforms = VSRelease|Mixed Platforms
		VSRelease|Win32 = VSRelease|Win32
		VSRelease|x64 = VSRelease|x64
		VSRelease|x86 = VSRelease|x86
	EndGlobalSection
	GlobalSection(ProjectConfigurationPlatforms) = postSolution
		{9C4C682A-81BC-4937-9501-11E6D1953897}.Debug|ARM.ActiveCfg = Debug|Win32
		{9C4C682A-81BC-4937-9501-11E6D1953897}.Debug|ARM64.ActiveCfg = Debug|Win32
		{9C4C682A-81BC-4937-9501-11E6D1953897}.Debug|Mixed Platforms.ActiveCfg = Debug|Win32
		{9C4C682A-81BC-4937-9501-11E6D1953897}.Debug|Mixed Platforms.Build.0 = Debug|Win32
		{9C4C682A-81BC-4937-9501-11E6D1953897}.Debug|Mixed Platforms.Deploy.0 = Debug|Win32
		{9C4C682A-81BC-4937-9501-11E6D1953897}.Debug|Win32.ActiveCfg = Debug|Win32
		{9C4C682A-81BC-4937-9501-11E6D1953897}.Debug|Win32.Build.0 = Debug|Win32
		{9C4C682A-81BC-4937-9501-11E6D1953897}.Debug|Win32.Deploy.0 = Debug|Win32
		{9C4C682A-81BC-4937-9501-11E6D1953897}.Debug|x64.ActiveCfg = Debug|x64
		{9C4C682A-81BC-4937-9501-11E6D1953897}.Debug|x64.Build.0 = Debug|x64
		{9C4C682A-81BC-4937-9501-11E6D1953897}.Debug|x64.Deploy.0 = Debug|x64
		{9C4C682A-81BC-4937-9501-11E6D1953897}.Debug|x86.ActiveCfg = Debug|Win32
		{9C4C682A-81BC-4937-9501-11E6D1953897}.Debug|x86.Build.0 = Debug|Win32
		{9C4C682A-81BC-4937-9501-11E6D1953897}.Debug|x86.Deploy.0 = Debug|Win32
		{9C4C682A-81BC-4937-9501-11E6D1953897}.Release|ARM.ActiveCfg = Release|Win32
		{9C4C682A-81BC-4937-9501-11E6D1953897}.Release|ARM64.ActiveCfg = Release|Win32
		{9C4C682A-81BC-4937-9501-11E6D1953897}.Release|Mixed Platforms.ActiveCfg = Release|Win32
		{9C4C682A-81BC-4937-9501-11E6D1953897}.Release|Mixed Platforms.Build.0 = Release|Win32
		{9C4C682A-81BC-4937-9501-11E6D1953897}.Release|Mixed Platforms.Deploy.0 = Release|Win32
		{9C4C682A-81BC-4937-9501-11E6D1953897}.Release|Win32.ActiveCfg = Release|Win32
		{9C4C682A-81BC-4937-9501-11E6D1953897}.Release|Win32.Build.0 = Release|Win32
		{9C4C682A-81BC-4937-9501-11E6D1953897}.Release|Win32.Deploy.0 = Release|Win32
		{9C4C682A-81BC-4937-9501-11E6D1953897}.Release|x64.ActiveCfg = Release|x64
		{9C4C682A-81BC-4937-9501-11E6D1953897}.Release|x64.Build.0 = Release|x64
		{9C4C682A-81BC-4937-9501-11E6D1953897}.Release|x64.Deploy.0 = Release|x64
		{9C4C682A-81BC-4937-9501-11E6D1953897}.Release|x86.ActiveCfg = Release|Win32
		{9C4C682A-81BC-4937-9501-11E6D1953897}.Release|x86.Build.0 = Release|Win32
		{9C4C682A-81BC-4937-9501-11E6D1953897}.Release|x86.Deploy.0 = Release|Win32
		{9C4C682A-81BC-4937-9501-11E6D1953897}.VSDebug|ARM.ActiveCfg = VSDebug|x64
		{9C4C682A-81BC-4937-9501-11E6D1953897}.VSDebug|ARM.Build.0 = VSDebug|x64
		{9C4C682A-81BC-4937-9501-11E6D1953897}.VSDebug|ARM64.ActiveCfg = VSDebug|x64
		{9C4C682A-81BC-4937-9501-11E6D1953897}.VSDebug|ARM64.Build.0 = VSDebug|x64
		{9C4C682A-81BC-4937-9501-11E6D1953897}.VSDebug|Mixed Platforms.ActiveCfg = VSDebug|x64
		{9C4C682A-81BC-4937-9501-11E6D1953897}.VSDebug|Mixed Platforms.Build.0 = VSDebug|x64
		{9C4C682A-81BC-4937-9501-11E6D1953897}.VSDebug|Win32.ActiveCfg = VSDebug|Win32
		{9C4C682A-81BC-4937-9501-11E6D1953897}.VSDebug|Win32.Build.0 = VSDebug|Win32
		{9C4C682A-81BC-4937-9501-11E6D1953897}.VSDebug|x64.ActiveCfg = VSDebug|x64
		{9C4C682A-81BC-4937-9501-11E6D1953897}.VSDebug|x64.Build.0 = VSDebug|x64
		{9C4C682A-81BC-4937-9501-11E6D1953897}.VSDebug|x86.ActiveCfg = VSDebug|Win32
		{9C4C682A-81BC-4937-9501-11E6D1953897}.VSDebug|x86.Build.0 = VSDebug|Win32
		{9C4C682A-81BC-4937-9501-11E6D1953897}.VSRelease|ARM.ActiveCfg = VSRelease|x64
		{9C4C682A-81BC-4937-9501-11E6D1953897}.VSRelease|ARM.Build.0 = VSRelease|x64
		{9C4C682A-81BC-4937-9501-11E6D1953897}.VSRelease|ARM64.ActiveCfg = VSRelease|x64
		{9C4C682A-81BC-4937-9501-11E6D1953897}.VSRelease|ARM64.Build.0 = VSRelease|x64
		{9C4C682A-81BC-4937-9501-11E6D1953897}.VSRelease|Mixed Platforms.ActiveCfg = VSRelease|x64
		{9C4C682A-81BC-4937-9501-11E6D1953897}.VSRelease|Mixed Platforms.Build.0 = VSRelease|x64
		{9C4C682A-81BC-4937-9501-11E6D1953897}.VSRelease|Win32.ActiveCfg = VSRelease|Win32
		{9C4C682A-81BC-4937-9501-11E6D1953897}.VSRelease|Win32.Build.0 = VSRelease|Win32
		{9C4C682A-81BC-4937-9501-11E6D1953897}.VSRelease|x64.ActiveCfg = VSRelease|x64
		{9C4C682A-81BC-4937-9501-11E6D1953897}.VSRelease|x64.Build.0 = VSRelease|x64
		{9C4C682A-81BC-4937-9501-11E6D1953897}.VSRelease|x86.ActiveCfg = VSRelease|Win32
		{9C4C682A-81BC-4937-9501-11E6D1953897}.VSRelease|x86.Build.0 = VSRelease|Win32
		{6E0F1A8B-3033-4FAD-99A5-C37C8CA44AEF}.Debug|ARM.ActiveCfg = Debug|x64
		{6E0F1A8B-3033-4FAD-99A5-C37C8CA44AEF}.Debug|ARM.Build.0 = Debug|x64
		{6E0F1A8B-3033-4FAD-99A5-C37C8CA44AEF}.Debug|ARM64.ActiveCfg = Debug|x64
		{6E0F1A8B-3033-4FAD-99A5-C37C8CA44AEF}.Debug|ARM64.Build.0 = Debug|x64
		{6E0F1A8B-3033-4FAD-99A5-C37C8CA44AEF}.Debug|Mixed Platforms.ActiveCfg = Debug|x64
		{6E0F1A8B-3033-4FAD-99A5-C37C8CA44AEF}.Debug|Mixed Platforms.Build.0 = Debug|x64
		{6E0F1A8B-3033-4FAD-99A5-C37C8CA44AEF}.Debug|Win32.ActiveCfg = Debug|Win32
		{6E0F1A8B-3033-4FAD-99A5-C37C8CA44AEF}.Debug|Win32.Build.0 = Debug|Win32
		{6E0F1A8B-3033-4FAD-99A5-C37C8CA44AEF}.Debug|x64.ActiveCfg = Debug|x64
		{6E0F1A8B-3033-4FAD-99A5-C37C8CA44AEF}.Debug|x64.Build.0 = Debug|x64
		{6E0F1A8B-3033-4FAD-99A5-C37C8CA44AEF}.Debug|x86.ActiveCfg = Debug|Win32
		{6E0F1A8B-3033-4FAD-99A5-C37C8CA44AEF}.Debug|x86.Build.0 = Debug|Win32
		{6E0F1A8B-3033-4FAD-99A5-C37C8CA44AEF}.Release|ARM.ActiveCfg = Release|x64
		{6E0F1A8B-3033-4FAD-99A5-C37C8CA44AEF}.Release|ARM.Build.0 = Release|x64
		{6E0F1A8B-3033-4FAD-99A5-C37C8CA44AEF}.Release|ARM64.ActiveCfg = Release|x64
		{6E0F1A8B-3033-4FAD-99A5-C37C8CA44AEF}.Release|ARM64.Build.0 = Release|x64
		{6E0F1A8B-3033-4FAD-99A5-C37C8CA44AEF}.Release|Mixed Platforms.ActiveCfg = Release|x64
		{6E0F1A8B-3033-4FAD-99A5-C37C8CA44AEF}.Release|Mixed Platforms.Build.0 = Release|x64
		{6E0F1A8B-3033-4FAD-99A5-C37C8CA44AEF}.Release|Win32.ActiveCfg = Release|Win32
		{6E0F1A8B-3033-4FAD-99A5-C37C8CA44AEF}.Release|Win32.Build.0 = Release|Win32
		{6E0F1A8B-3033-4FAD-99A5-C37C8CA44AEF}.Release|x64.ActiveCfg = Release|x64
		{6E0F1A8B-3033-4FAD-99A5-C37C8CA44AEF}.Release|x64.Build.0 = Release|x64
		{6E0F1A8B-3033-4FAD-99A5-C37C8CA44AEF}.Release|x86.ActiveCfg = Release|Win32
		{6E0F1A8B-3033-4FAD-99A5-C37C8CA44AEF}.Release|x86.Build.0 = Release|Win32
		{6E0F1A8B-3033-4FAD-99A5-C37C8CA44AEF}.VSDebug|ARM.ActiveCfg = VSDebug|x64
		{6E0F1A8B-3033-4FAD-99A5-C37C8CA44AEF}.VSDebug|ARM.Build.0 = VSDebug|x64
		{6E0F1A8B-3033-4FAD-99A5-C37C8CA44AEF}.VSDebug|ARM64.ActiveCfg = VSDebug|x64
		{6E0F1A8B-3033-4FAD-99A5-C37C8CA44AEF}.VSDebug|ARM64.Build.0 = VSDebug|x64
		{6E0F1A8B-3033-4FAD-99A5-C37C8CA44AEF}.VSDebug|Mixed Platforms.ActiveCfg = VSDebug|x64
		{6E0F1A8B-3033-4FAD-99A5-C37C8CA44AEF}.VSDebug|Mixed Platforms.Build.0 = VSDebug|x64
		{6E0F1A8B-3033-4FAD-99A5-C37C8CA44AEF}.VSDebug|Win32.ActiveCfg = VSDebug|Win32
		{6E0F1A8B-3033-4FAD-99A5-C37C8CA44AEF}.VSDebug|Win32.Build.0 = VSDebug|Win32
		{6E0F1A8B-3033-4FAD-99A5-C37C8CA44AEF}.VSDebug|x64.ActiveCfg = VSDebug|x64
		{6E0F1A8B-3033-4FAD-99A5-C37C8CA44AEF}.VSDebug|x64.Build.0 = VSDebug|x64
		{6E0F1A8B-3033-4FAD-99A5-C37C8CA44AEF}.VSDebug|x86.ActiveCfg = VSDebug|Win32
		{6E0F1A8B-3033-4FAD-99A5-C37C8CA44AEF}.VSDebug|x86.Build.0 = VSDebug|Win32
		{6E0F1A8B-3033-4FAD-99A5-C37C8CA44AEF}.VSRelease|ARM.ActiveCfg = VSRelease|x64
		{6E0F1A8B-3033-4FAD-99A5-C37C8CA44AEF}.VSRelease|ARM.Build.0 = VSRelease|x64
		{6E0F1A8B-3033-4FAD-99A5-C37C8CA44AEF}.VSRelease|ARM64.ActiveCfg = VSRelease|x64
		{6E0F1A8B-3033-4FAD-99A5-C37C8CA44AEF}.VSRelease|ARM64.Build.0 = VSRelease|x64
		{6E0F1A8B-3033-4FAD-99A5-C37C8CA44AEF}.VSRelease|Mixed Platforms.ActiveCfg = VSRelease|x64
		{6E0F1A8B-3033-4FAD-99A5-C37C8CA44AEF}.VSRelease|Mixed Platforms.Build.0 = VSRelease|x64
		{6E0F1A8B-3033-4FAD-99A5-C37C8CA44AEF}.VSRelease|Win32.ActiveCfg = VSRelease|Win32
		{6E0F1A8B-3033-4FAD-99A5-C37C8CA44AEF}.VSRelease|Win32.Build.0 = VSRelease|Win32
		{6E0F1A8B-3033-4FAD-99A5-C37C8CA44AEF}.VSRelease|x64.ActiveCfg = VSRelease|x64
		{6E0F1A8B-3033-4FAD-99A5-C37C8CA44AEF}.VSRelease|x64.Build.0 = VSRelease|x64
		{6E0F1A8B-3033-4FAD-99A5-C37C8CA44AEF}.VSRelease|x86.ActiveCfg = VSRelease|Win32
		{6E0F1A8B-3033-4FAD-99A5-C37C8CA44AEF}.VSRelease|x86.Build.0 = VSRelease|Win32
		{64E51EAD-C5BD-423E-8806-E8FFDE8C27C7}.Debug|ARM.ActiveCfg = Debug|x64
		{64E51EAD-C5BD-423E-8806-E8FFDE8C27C7}.Debug|ARM.Build.0 = Debug|x64
		{64E51EAD-C5BD-423E-8806-E8FFDE8C27C7}.Debug|ARM64.ActiveCfg = Debug|x64
		{64E51EAD-C5BD-423E-8806-E8FFDE8C27C7}.Debug|ARM64.Build.0 = Debug|x64
		{64E51EAD-C5BD-423E-8806-E8FFDE8C27C7}.Debug|Mixed Platforms.ActiveCfg = Debug|x64
		{64E51EAD-C5BD-423E-8806-E8FFDE8C27C7}.Debug|Mixed Platforms.Build.0 = Debug|x64
		{64E51EAD-C5BD-423E-8806-E8FFDE8C27C7}.Debug|Win32.ActiveCfg = Debug|Win32
		{64E51EAD-C5BD-423E-8806-E8FFDE8C27C7}.Debug|Win32.Build.0 = Debug|Win32
		{64E51EAD-C5BD-423E-8806-E8FFDE8C27C7}.Debug|x64.ActiveCfg = Debug|x64
		{64E51EAD-C5BD-423E-8806-E8FFDE8C27C7}.Debug|x64.Build.0 = Debug|x64
		{64E51EAD-C5BD-423E-8806-E8FFDE8C27C7}.Debug|x86.ActiveCfg = Debug|Win32
		{64E51EAD-C5BD-423E-8806-E8FFDE8C27C7}.Debug|x86.Build.0 = Debug|Win32
		{64E51EAD-C5BD-423E-8806-E8FFDE8C27C7}.Release|ARM.ActiveCfg = Release|x64
		{64E51EAD-C5BD-423E-8806-E8FFDE8C27C7}.Release|ARM.Build.0 = Release|x64
		{64E51EAD-C5BD-423E-8806-E8FFDE8C27C7}.Release|ARM64.ActiveCfg = Release|x64
		{64E51EAD-C5BD-423E-8806-E8FFDE8C27C7}.Release|ARM64.Build.0 = Release|x64
		{64E51EAD-C5BD-423E-8806-E8FFDE8C27C7}.Release|Mixed Platforms.ActiveCfg = Release|x64
		{64E51EAD-C5BD-423E-8806-E8FFDE8C27C7}.Release|Mixed Platforms.Build.0 = Release|x64
		{64E51EAD-C5BD-423E-8806-E8FFDE8C27C7}.Release|Win32.ActiveCfg = Release|Win32
		{64E51EAD-C5BD-423E-8806-E8FFDE8C27C7}.Release|Win32.Build.0 = Release|Win32
		{64E51EAD-C5BD-423E-8806-E8FFDE8C27C7}.Release|x64.ActiveCfg = Release|x64
		{64E51EAD-C5BD-423E-8806-E8FFDE8C27C7}.Release|x64.Build.0 = Release|x64
		{64E51EAD-C5BD-423E-8806-E8FFDE8C27C7}.Release|x86.ActiveCfg = Release|Win32
		{64E51EAD-C5BD-423E-8806-E8FFDE8C27C7}.Release|x86.Build.0 = Release|Win32
		{64E51EAD-C5BD-423E-8806-E8FFDE8C27C7}.VSDebug|ARM.ActiveCfg = VSDebug|x64
		{64E51EAD-C5BD-423E-8806-E8FFDE8C27C7}.VSDebug|ARM.Build.0 = VSDebug|x64
		{64E51EAD-C5BD-423E-8806-E8FFDE8C27C7}.VSDebug|ARM64.ActiveCfg = VSDebug|x64
		{64E51EAD-C5BD-423E-8806-E8FFDE8C27C7}.VSDebug|ARM64.Build.0 = VSDebug|x64
		{64E51EAD-C5BD-423E-8806-E8FFDE8C27C7}.VSDebug|Mixed Platforms.ActiveCfg = VSDebug|x64
		{64E51EAD-C5BD-423E-8806-E8FFDE8C27C7}.VSDebug|Mixed Platforms.Build.0 = VSDebug|x64
		{64E51EAD-C5BD-423E-8806-E8FFDE8C27C7}.VSDebug|Win32.ActiveCfg = VSDebug|Win32
		{64E51EAD-C5BD-423E-8806-E8FFDE8C27C7}.VSDebug|Win32.Build.0 = VSDebug|Win32
		{64E51EAD-C5BD-423E-8806-E8FFDE8C27C7}.VSDebug|x64.ActiveCfg = VSDebug|x64
		{64E51EAD-C5BD-423E-8806-E8FFDE8C27C7}.VSDebug|x64.Build.0 = VSDebug|x64
		{64E51EAD-C5BD-423E-8806-E8FFDE8C27C7}.VSDebug|x86.ActiveCfg = VSDebug|Win32
		{64E51EAD-C5BD-423E-8806-E8FFDE8C27C7}.VSDebug|x86.Build.0 = VSDebug|Win32
		{64E51EAD-C5BD-423E-8806-E8FFDE8C27C7}.VSRelease|ARM.ActiveCfg = VSRelease|x64
		{64E51EAD-C5BD-423E-8806-E8FFDE8C27C7}.VSRelease|ARM.Build.0 = VSRelease|x64
		{64E51EAD-C5BD-423E-8806-E8FFDE8C27C7}.VSRelease|ARM64.ActiveCfg = VSRelease|x64
		{64E51EAD-C5BD-423E-8806-E8FFDE8C27C7}.VSRelease|ARM64.Build.0 = VSRelease|x64
		{64E51EAD-C5BD-423E-8806-E8FFDE8C27C7}.VSRelease|Mixed Platforms.ActiveCfg = VSRelease|x64
		{64E51EAD-C5BD-423E-8806-E8FFDE8C27C7}.VSRelease|Mixed Platforms.Build.0 = VSRelease|x64
		{64E51EAD-C5BD-423E-8806-E8FFDE8C27C7}.VSRelease|Win32.ActiveCfg = VSRelease|Win32
		{64E51EAD-C5BD-423E-8806-E8FFDE8C27C7}.VSRelease|Win32.Build.0 = VSRelease|Win32
		{64E51EAD-C5BD-423E-8806-E8FFDE8C27C7}.VSRelease|x64.ActiveCfg = VSRelease|x64
		{64E51EAD-C5BD-423E-8806-E8FFDE8C27C7}.VSRelease|x64.Build.0 = VSRelease|x64
		{64E51EAD-C5BD-423E-8806-E8FFDE8C27C7}.VSRelease|x86.ActiveCfg = VSRelease|Win32
		{64E51EAD-C5BD-423E-8806-E8FFDE8C27C7}.VSRelease|x86.Build.0 = VSRelease|Win32
		{844FC92F-550C-4236-A0BC-12BA4E777280}.Debug|ARM.ActiveCfg = Debug|x64
		{844FC92F-550C-4236-A0BC-12BA4E777280}.Debug|ARM.Build.0 = Debug|x64
		{844FC92F-550C-4236-A0BC-12BA4E777280}.Debug|ARM64.ActiveCfg = Debug|x64
		{844FC92F-550C-4236-A0BC-12BA4E777280}.Debug|ARM64.Build.0 = Debug|x64
		{844FC92F-550C-4236-A0BC-12BA4E777280}.Debug|Mixed Platforms.ActiveCfg = Debug|x64
		{844FC92F-550C-4236-A0BC-12BA4E777280}.Debug|Mixed Platforms.Build.0 = Debug|x64
		{844FC92F-550C-4236-A0BC-12BA4E777280}.Debug|Win32.ActiveCfg = Debug|Win32
		{844FC92F-550C-4236-A0BC-12BA4E777280}.Debug|Win32.Build.0 = Debug|Win32
		{844FC92F-550C-4236-A0BC-12BA4E777280}.Debug|x64.ActiveCfg = Debug|x64
		{844FC92F-550C-4236-A0BC-12BA4E777280}.Debug|x64.Build.0 = Debug|x64
		{844FC92F-550C-4236-A0BC-12BA4E777280}.Debug|x86.ActiveCfg = Debug|Win32
		{844FC92F-550C-4236-A0BC-12BA4E777280}.Debug|x86.Build.0 = Debug|Win32
		{844FC92F-550C-4236-A0BC-12BA4E777280}.Release|ARM.ActiveCfg = Release|x64
		{844FC92F-550C-4236-A0BC-12BA4E777280}.Release|ARM.Build.0 = Release|x64
		{844FC92F-550C-4236-A0BC-12BA4E777280}.Release|ARM64.ActiveCfg = Release|x64
		{844FC92F-550C-4236-A0BC-12BA4E777280}.Release|ARM64.Build.0 = Release|x64
		{844FC92F-550C-4236-A0BC-12BA4E777280}.Release|Mixed Platforms.ActiveCfg = Release|x64
		{844FC92F-550C-4236-A0BC-12BA4E777280}.Release|Mixed Platforms.Build.0 = Release|x64
		{844FC92F-550C-4236-A0BC-12BA4E777280}.Release|Win32.ActiveCfg = Release|Win32
		{844FC92F-550C-4236-A0BC-12BA4E777280}.Release|Win32.Build.0 = Release|Win32
		{844FC92F-550C-4236-A0BC-12BA4E777280}.Release|x64.ActiveCfg = Release|x64
		{844FC92F-550C-4236-A0BC-12BA4E777280}.Release|x64.Build.0 = Release|x64
		{844FC92F-550C-4236-A0BC-12BA4E777280}.Release|x86.ActiveCfg = Release|Win32
		{844FC92F-550C-4236-A0BC-12BA4E777280}.Release|x86.Build.0 = Release|Win32
		{844FC92F-550C-4236-A0BC-12BA4E777280}.VSDebug|ARM.ActiveCfg = VSDebug|x64
		{844FC92F-550C-4236-A0BC-12BA4E777280}.VSDebug|ARM.Build.0 = VSDebug|x64
		{844FC92F-550C-4236-A0BC-12BA4E777280}.VSDebug|ARM64.ActiveCfg = VSDebug|x64
		{844FC92F-550C-4236-A0BC-12BA4E777280}.VSDebug|ARM64.Build.0 = VSDebug|x64
		{844FC92F-550C-4236-A0BC-12BA4E777280}.VSDebug|Mixed Platforms.ActiveCfg = VSDebug|x64
		{844FC92F-550C-4236-A0BC-12BA4E777280}.VSDebug|Mixed Platforms.Build.0 = VSDebug|x64
		{844FC92F-550C-4236-A0BC-12BA4E777280}.VSDebug|Win32.ActiveCfg = VSDebug|Win32
		{844FC92F-550C-4236-A0BC-12BA4E777280}.VSDebug|Win32.Build.0 = VSDebug|Win32
		{844FC92F-550C-4236-A0BC-12BA4E777280}.VSDebug|x64.ActiveCfg = VSDebug|x64
		{844FC92F-550C-4236-A0BC-12BA4E777280}.VSDebug|x64.Build.0 = VSDebug|x64
		{844FC92F-550C-4236-A0BC-12BA4E777280}.VSDebug|x86.ActiveCfg = VSDebug|Win32
		{844FC92F-550C-4236-A0BC-12BA4E777280}.VSDebug|x86.Build.0 = VSDebug|Win32
		{844FC92F-550C-4236-A0BC-12BA4E777280}.VSRelease|ARM.ActiveCfg = VSRelease|x64
		{844FC92F-550C-4236-A0BC-12BA4E777280}.VSRelease|ARM.Build.0 = VSRelease|x64
		{844FC92F-550C-4236-A0BC-12BA4E777280}.VSRelease|ARM64.ActiveCfg = VSRelease|x64
		{844FC92F-550C-4236-A0BC-12BA4E777280}.VSRelease|ARM64.Build.0 = VSRelease|x64
		{844FC92F-550C-4236-A0BC-12BA4E777280}.VSRelease|Mixed Platforms.ActiveCfg = VSRelease|x64
		{844FC92F-550C-4236-A0BC-12BA4E777280}.VSRelease|Mixed Platforms.Build.0 = VSRelease|x64
		{844FC92F-550C-4236-A0BC-12BA4E777280}.VSRelease|Win32.ActiveCfg = VSRelease|Win32
		{844FC92F-550C-4236-A0BC-12BA4E777280}.VSRelease|Win32.Build.0 = VSRelease|Win32
		{844FC92F-550C-4236-A0BC-12BA4E777280}.VSRelease|x64.ActiveCfg = VSRelease|x64
		{844FC92F-550C-4236-A0BC-12BA4E777280}.VSRelease|x64.Build.0 = VSRelease|x64
		{844FC92F-550C-4236-A0BC-12BA4E777280}.VSRelease|x86.ActiveCfg = VSRelease|Win32
		{844FC92F-550C-4236-A0BC-12BA4E777280}.VSRelease|x86.Build.0 = VSRelease|Win32
		{72BCA814-F6E1-46D5-A950-769B25C27746}.Debug|ARM.ActiveCfg = Debug|x64
		{72BCA814-F6E1-46D5-A950-769B25C27746}.Debug|ARM.Build.0 = Debug|x64
		{72BCA814-F6E1-46D5-A950-769B25C27746}.Debug|ARM64.ActiveCfg = Debug|x64
		{72BCA814-F6E1-46D5-A950-769B25C27746}.Debug|ARM64.Build.0 = Debug|x64
		{72BCA814-F6E1-46D5-A950-769B25C27746}.Debug|Mixed Platforms.ActiveCfg = Debug|x64
		{72BCA814-F6E1-46D5-A950-769B25C27746}.Debug|Mixed Platforms.Build.0 = Debug|x64
		{72BCA814-F6E1-46D5-A950-769B25C27746}.Debug|Win32.ActiveCfg = Debug|Win32
		{72BCA814-F6E1-46D5-A950-769B25C27746}.Debug|Win32.Build.0 = Debug|Win32
		{72BCA814-F6E1-46D5-A950-769B25C27746}.Debug|x64.ActiveCfg = Debug|x64
		{72BCA814-F6E1-46D5-A950-769B25C27746}.Debug|x64.Build.0 = Debug|x64
		{72BCA814-F6E1-46D5-A950-769B25C27746}.Debug|x86.ActiveCfg = Debug|Win32
		{72BCA814-F6E1-46D5-A950-769B25C27746}.Debug|x86.Build.0 = Debug|Win32
		{72BCA814-F6E1-46D5-A950-769B25C27746}.Release|ARM.ActiveCfg = Release|x64
		{72BCA814-F6E1-46D5-A950-769B25C27746}.Release|ARM.Build.0 = Release|x64
		{72BCA814-F6E1-46D5-A950-769B25C27746}.Release|ARM64.ActiveCfg = Release|x64
		{72BCA814-F6E1-46D5-A950-769B25C27746}.Release|ARM64.Build.0 = Release|x64
		{72BCA814-F6E1-46D5-A950-769B25C27746}.Release|Mixed Platforms.ActiveCfg = Release|x64
		{72BCA814-F6E1-46D5-A950-769B25C27746}.Release|Mixed Platforms.Build.0 = Release|x64
		{72BCA814-F6E1-46D5-A950-769B25C27746}.Release|Win32.ActiveCfg = Release|Win32
		{72BCA814-F6E1-46D5-A950-769B25C27746}.Release|Win32.Build.0 = Release|Win32
		{72BCA814-F6E1-46D5-A950-769B25C27746}.Release|x64.ActiveCfg = Release|x64
		{72BCA814-F6E1-46D5-A950-769B25C27746}.Release|x64.Build.0 = Release|x64
		{72BCA814-F6E1-46D5-A950-769B25C27746}.Release|x86.ActiveCfg = Release|Win32
		{72BCA814-F6E1-46D5-A950-769B25C27746}.Release|x86.Build.0 = Release|Win32
		{72BCA814-F6E1-46D5-A950-769B25C27746}.VSDebug|ARM.ActiveCfg = VSDebug|x64
		{72BCA814-F6E1-46D5-A950-769B25C27746}.VSDebug|ARM.Build.0 = VSDebug|x64
		{72BCA814-F6E1-46D5-A950-769B25C27746}.VSDebug|ARM64.ActiveCfg = VSDebug|x64
		{72BCA814-F6E1-46D5-A950-769B25C27746}.VSDebug|ARM64.Build.0 = VSDebug|x64
		{72BCA814-F6E1-46D5-A950-769B25C27746}.VSDebug|Mixed Platforms.ActiveCfg = VSDebug|x64
		{72BCA814-F6E1-46D5-A950-769B25C27746}.VSDebug|Mixed Platforms.Build.0 = VSDebug|x64
		{72BCA814-F6E1-46D5-A950-769B25C27746}.VSDebug|Win32.ActiveCfg = VSDebug|Win32
		{72BCA814-F6E1-46D5-A950-769B25C27746}.VSDebug|Win32.Build.0 = VSDebug|Win32
		{72BCA814-F6E1-46D5-A950-769B25C27746}.VSDebug|x64.ActiveCfg = VSDebug|x64
		{72BCA814-F6E1-46D5-A950-769B25C27746}.VSDebug|x64.Build.0 = VSDebug|x64
		{72BCA814-F6E1-46D5-A950-769B25C27746}.VSDebug|x86.ActiveCfg = VSDebug|Win32
		{72BCA814-F6E1-46D5-A950-769B25C27746}.VSDebug|x86.Build.0 = VSDebug|Win32
		{72BCA814-F6E1-46D5-A950-769B25C27746}.VSRelease|ARM.ActiveCfg = VSRelease|x64
		{72BCA814-F6E1-46D5-A950-769B25C27746}.VSRelease|ARM.Build.0 = VSRelease|x64
		{72BCA814-F6E1-46D5-A950-769B25C27746}.VSRelease|ARM64.ActiveCfg = VSRelease|x64
		{72BCA814-F6E1-46D5-A950-769B25C27746}.VSRelease|ARM64.Build.0 = VSRelease|x64
		{72BCA814-F6E1-46D5-A950-769B25C27746}.VSRelease|Mixed Platforms.ActiveCfg = VSRelease|x64
		{72BCA814-F6E1-46D5-A950-769B25C27746}.VSRelease|Mixed Platforms.Build.0 = VSRelease|x64
		{72BCA814-F6E1-46D5-A950-769B25C27746}.VSRelease|Win32.ActiveCfg = VSRelease|Win32
		{72BCA814-F6E1-46D5-A950-769B25C27746}.VSRelease|Win32.Build.0 = VSRelease|Win32
		{72BCA814-F6E1-46D5-A950-769B25C27746}.VSRelease|x64.ActiveCfg = VSRelease|x64
		{72BCA814-F6E1-46D5-A950-769B25C27746}.VSRelease|x64.Build.0 = VSRelease|x64
		{72BCA814-F6E1-46D5-A950-769B25C27746}.VSRelease|x86.ActiveCfg = VSRelease|Win32
		{72BCA814-F6E1-46D5-A950-769B25C27746}.VSRelease|x86.Build.0 = VSRelease|Win32
		{376CCA7B-E153-4708-8613-79C1F8E850C2}.Debug|ARM.ActiveCfg = Debug|x64
		{376CCA7B-E153-4708-8613-79C1F8E850C2}.Debug|ARM.Build.0 = Debug|x64
		{376CCA7B-E153-4708-8613-79C1F8E850C2}.Debug|ARM64.ActiveCfg = Debug|x64
		{376CCA7B-E153-4708-8613-79C1F8E850C2}.Debug|ARM64.Build.0 = Debug|x64
		{376CCA7B-E153-4708-8613-79C1F8E850C2}.Debug|Mixed Platforms.ActiveCfg = Debug|x64
		{376CCA7B-E153-4708-8613-79C1F8E850C2}.Debug|Mixed Platforms.Build.0 = Debug|x64
		{376CCA7B-E153-4708-8613-79C1F8E850C2}.Debug|Win32.ActiveCfg = Debug|Win32
		{376CCA7B-E153-4708-8613-79C1F8E850C2}.Debug|Win32.Build.0 = Debug|Win32
		{376CCA7B-E153-4708-8613-79C1F8E850C2}.Debug|x64.ActiveCfg = Debug|x64
		{376CCA7B-E153-4708-8613-79C1F8E850C2}.Debug|x64.Build.0 = Debug|x64
		{376CCA7B-E153-4708-8613-79C1F8E850C2}.Debug|x86.ActiveCfg = Debug|Win32
		{376CCA7B-E153-4708-8613-79C1F8E850C2}.Debug|x86.Build.0 = Debug|Win32
		{376CCA7B-E153-4708-8613-79C1F8E850C2}.Release|ARM.ActiveCfg = Release|x64
		{376CCA7B-E153-4708-8613-79C1F8E850C2}.Release|ARM.Build.0 = Release|x64
		{376CCA7B-E153-4708-8613-79C1F8E850C2}.Release|ARM64.ActiveCfg = Release|x64
		{376CCA7B-E153-4708-8613-79C1F8E850C2}.Release|ARM64.Build.0 = Release|x64
		{376CCA7B-E153-4708-8613-79C1F8E850C2}.Release|Mixed Platforms.ActiveCfg = Release|x64
		{376CCA7B-E153-4708-8613-79C1F8E850C2}.Release|Mixed Platforms.Build.0 = Release|x64
		{376CCA7B-E153-4708-8613-79C1F8E850C2}.Release|Win32.ActiveCfg = Release|Win32
		{376CCA7B-E153-4708-8613-79C1F8E850C2}.Release|Win32.Build.0 = Release|Win32
		{376CCA7B-E153-4708-8613-79C1F8E850C2}.Release|x64.ActiveCfg = Release|x64
		{376CCA7B-E153-4708-8613-79C1F8E850C2}.Release|x64.Build.0 = Release|x64
		{376CCA7B-E153-4708-8613-79C1F8E850C2}.Release|x86.ActiveCfg = Release|Win32
		{376CCA7B-E153-4708-8613-79C1F8E850C2}.Release|x86.Build.0 = Release|Win32
		{376CCA7B-E153-4708-8613-79C1F8E850C2}.VSDebug|ARM.ActiveCfg = VSDebug|x64
		{376CCA7B-E153-4708-8613-79C1F8E850C2}.VSDebug|ARM.Build.0 = VSDebug|x64
		{376CCA7B-E153-4708-8613-79C1F8E850C2}.VSDebug|ARM64.ActiveCfg = VSDebug|x64
		{376CCA7B-E153-4708-8613-79C1F8E850C2}.VSDebug|ARM64.Build.0 = VSDebug|x64
		{376CCA7B-E153-4708-8613-79C1F8E850C2}.VSDebug|Mixed Platforms.ActiveCfg = VSDebug|x64
		{376CCA7B-E153-4708-8613-79C1F8E850C2}.VSDebug|Mixed Platforms.Build.0 = VSDebug|x64
		{376CCA7B-E153-4708-8613-79C1F8E850C2}.VSDebug|Win32.ActiveCfg = VSDebug|Win32
		{376CCA7B-E153-4708-8613-79C1F8E850C2}.VSDebug|Win32.Build.0 = VSDebug|Win32
		{376CCA7B-E153-4708-8613-79C1F8E850C2}.VSDebug|x64.ActiveCfg = VSDebug|x64
		{376CCA7B-E153-4708-8613-79C1F8E850C2}.VSDebug|x64.Build.0 = VSDebug|x64
		{376CCA7B-E153-4708-8613-79C1F8E850C2}.VSDebug|x86.ActiveCfg = VSDebug|Win32
		{376CCA7B-E153-4708-8613-79C1F8E850C2}.VSDebug|x86.Build.0 = VSDebug|Win32
		{376CCA7B-E153-4708-8613-79C1F8E850C2}.VSRelease|ARM.ActiveCfg = VSRelease|x64
		{376CCA7B-E153-4708-8613-79C1F8E850C2}.VSRelease|ARM.Build.0 = VSRelease|x64
		{376CCA7B-E153-4708-8613-79C1F8E850C2}.VSRelease|ARM64.ActiveCfg = VSRelease|x64
		{376CCA7B-E153-4708-8613-79C1F8E850C2}.VSRelease|ARM64.Build.0 = VSRelease|x64
		{376CCA7B-E153-4708-8613-79C1F8E850C2}.VSRelease|Mixed Platforms.ActiveCfg = VSRelease|x64
		{376CCA7B-E153-4708-8613-79C1F8E850C2}.VSRelease|Mixed Platforms.Build.0 = VSRelease|x64
		{376CCA7B-E153-4708-8613-79C1F8E850C2}.VSRelease|Win32.ActiveCfg = VSRelease|Win32
		{376CCA7B-E153-4708-8613-79C1F8E850C2}.VSRelease|Win32.Build.0 = VSRelease|Win32
		{376CCA7B-E153-4708-8613-79C1F8E850C2}.VSRelease|x64.ActiveCfg = VSRelease|x64
		{376CCA7B-E153-4708-8613-79C1F8E850C2}.VSRelease|x64.Build.0 = VSRelease|x64
		{376CCA7B-E153-4708-8613-79C1F8E850C2}.VSRelease|x86.ActiveCfg = VSRelease|Win32
		{376CCA7B-E153-4708-8613-79C1F8E850C2}.VSRelease|x86.Build.0 = VSRelease|Win32
	EndGlobalSection
	GlobalSection(SolutionProperties) = preSolution
		HideSolutionNode = FALSE
	EndGlobalSection
	GlobalSection(ExtensibilityGlobals) = postSolution
		SolutionGuid = {BCB0498A-1B92-4DA4-88E4-2C7A2DEDA34C}
	EndGlobalSection
EndGlobal
